// !$*UTF8*$!
{
	archiveVersion = 1;
	classes = {
	};
	objectVersion = 56;
	objects = {

/* Begin PBXBuildFile section */
		EA08544E299BD62A0029DD42 /* AddEntryInputFieldsView.swift in Sources */ = {isa = PBXBuildFile; fileRef = EA08544D299BD6290029DD42 /* AddEntryInputFieldsView.swift */; };
		EA085450299BED050029DD42 /* Theme.swift in Sources */ = {isa = PBXBuildFile; fileRef = EA08544F299BED050029DD42 /* Theme.swift */; };
		EA085452299C01350029DD42 /* WeeklyChartView.swift in Sources */ = {isa = PBXBuildFile; fileRef = EA085451299C01350029DD42 /* WeeklyChartView.swift */; };
		EA085454299C353A0029DD42 /* WeeklyChartViewModel.swift in Sources */ = {isa = PBXBuildFile; fileRef = EA085453299C353A0029DD42 /* WeeklyChartViewModel.swift */; };
		EA097D8829918C9E00735129 /* CaloriesApp.swift in Sources */ = {isa = PBXBuildFile; fileRef = EA097D8729918C9E00735129 /* CaloriesApp.swift */; };
		EA097D8A29918C9E00735129 /* CaloriesView.swift in Sources */ = {isa = PBXBuildFile; fileRef = EA097D8929918C9E00735129 /* CaloriesView.swift */; };
		EA097D8C29918CA000735129 /* Assets.xcassets in Resources */ = {isa = PBXBuildFile; fileRef = EA097D8B29918CA000735129 /* Assets.xcassets */; };
		EA097D9129918CA000735129 /* Persistence.swift in Sources */ = {isa = PBXBuildFile; fileRef = EA097D9029918CA000735129 /* Persistence.swift */; };
		EA097D9E29918CA000735129 /* CaloriesViewModelTests.swift in Sources */ = {isa = PBXBuildFile; fileRef = EA097D9D29918CA000735129 /* CaloriesViewModelTests.swift */; };
		EA097DB82991909500735129 /* HistoryViewModel.swift in Sources */ = {isa = PBXBuildFile; fileRef = EA097DB72991909500735129 /* HistoryViewModel.swift */; };
		EA097DC52993986D00735129 /* Model.xcdatamodeld in Sources */ = {isa = PBXBuildFile; fileRef = EA097DC32993986D00735129 /* Model.xcdatamodeld */; };
		EA16CEFF2B53418B00E01122 /* MealPickerViewTests.swift in Sources */ = {isa = PBXBuildFile; fileRef = EA16CEFE2B53418B00E01122 /* MealPickerViewTests.swift */; };
		EA2201E32B372351007F444B /* FoodEntry.swift in Sources */ = {isa = PBXBuildFile; fileRef = EA2201E22B372351007F444B /* FoodEntry.swift */; };
		EA2C9B8E29B4B2AC0019DB36 /* MealBreakdownViewModel.swift in Sources */ = {isa = PBXBuildFile; fileRef = EA2C9B8D29B4B2AC0019DB36 /* MealBreakdownViewModel.swift */; };
		EA2C9B9029B4B2BD0019DB36 /* MealBreakdownView.swift in Sources */ = {isa = PBXBuildFile; fileRef = EA2C9B8F29B4B2BD0019DB36 /* MealBreakdownView.swift */; };
		EA2D49042994394900248864 /* Colours.xcassets in Resources */ = {isa = PBXBuildFile; fileRef = EA2D49032994394900248864 /* Colours.xcassets */; };
		EA2D490629944E3000248864 /* AddEntryView.swift in Sources */ = {isa = PBXBuildFile; fileRef = EA2D490529944E3000248864 /* AddEntryView.swift */; };
		EA2D490829945C9400248864 /* HealthStore.swift in Sources */ = {isa = PBXBuildFile; fileRef = EA2D490729945C9400248864 /* HealthStore.swift */; };
		EA2D490A29970B8A00248864 /* HistoryView.swift in Sources */ = {isa = PBXBuildFile; fileRef = EA2D490929970B8A00248864 /* HistoryView.swift */; };
		EA2D490C2997D60200248864 /* MealItemsView.swift in Sources */ = {isa = PBXBuildFile; fileRef = EA2D490B2997D60200248864 /* MealItemsView.swift */; };
		EA2D490E2997D62000248864 /* MealItemsViewModel.swift in Sources */ = {isa = PBXBuildFile; fileRef = EA2D490D2997D62000248864 /* MealItemsViewModel.swift */; };
		EA2D49102997D99E00248864 /* MealItemsViewModelTests.swift in Sources */ = {isa = PBXBuildFile; fileRef = EA2D490F2997D99E00248864 /* MealItemsViewModelTests.swift */; };
		EA2D49122998142100248864 /* AddEntryViewModel.swift in Sources */ = {isa = PBXBuildFile; fileRef = EA2D49112998142100248864 /* AddEntryViewModel.swift */; };
		EA2D49142998166500248864 /* AddEntryViewModelTests.swift in Sources */ = {isa = PBXBuildFile; fileRef = EA2D49132998166500248864 /* AddEntryViewModelTests.swift */; };
		EA2EA7482B50776400382DC8 /* MealPickerView.swift in Sources */ = {isa = PBXBuildFile; fileRef = EA2EA7472B50776400382DC8 /* MealPickerView.swift */; };
		EA2EA74A2B507A7D00382DC8 /* PlantListView.swift in Sources */ = {isa = PBXBuildFile; fileRef = EA2EA7492B507A7D00382DC8 /* PlantListView.swift */; };
		EA3146F129A2C6F3002AAA45 /* WidgetKit.framework in Frameworks */ = {isa = PBXBuildFile; fileRef = EA3146F029A2C6F3002AAA45 /* WidgetKit.framework */; };
		EA3146F329A2C6F3002AAA45 /* SwiftUI.framework in Frameworks */ = {isa = PBXBuildFile; fileRef = EA3146F229A2C6F3002AAA45 /* SwiftUI.framework */; };
		EA3146F629A2C6F3002AAA45 /* CaloriesWidget.swift in Sources */ = {isa = PBXBuildFile; fileRef = EA3146F529A2C6F3002AAA45 /* CaloriesWidget.swift */; };
		EA3146F829A2C6F4002AAA45 /* Assets.xcassets in Resources */ = {isa = PBXBuildFile; fileRef = EA3146F729A2C6F4002AAA45 /* Assets.xcassets */; };
		EA3146FC29A2C6F4002AAA45 /* CaloriesWidgetExtension.appex in Embed Foundation Extensions */ = {isa = PBXBuildFile; fileRef = EA3146EE29A2C6F2002AAA45 /* CaloriesWidgetExtension.appex */; settings = {ATTRIBUTES = (RemoveHeadersOnCopy, ); }; };
		EA3EDC18299D74DA005070D3 /* WeeklyChartViewModelTests.swift in Sources */ = {isa = PBXBuildFile; fileRef = EA3EDC17299D74DA005070D3 /* WeeklyChartViewModelTests.swift */; };
		EA42A10029B15EEE003BB1FC /* Helpers.swift in Sources */ = {isa = PBXBuildFile; fileRef = EA42A0FF29B15EEE003BB1FC /* Helpers.swift */; };
		EA42A10129B167CF003BB1FC /* Helpers.swift in Sources */ = {isa = PBXBuildFile; fileRef = EA42A0FF29B15EEE003BB1FC /* Helpers.swift */; };
		EA4EE509299E9D0A000FE6AC /* AddExerciseView.swift in Sources */ = {isa = PBXBuildFile; fileRef = EA4EE508299E9D0A000FE6AC /* AddExerciseView.swift */; };
		EA4EE50C299E9D5E000FE6AC /* AddExerciseViewModel.swift in Sources */ = {isa = PBXBuildFile; fileRef = EA4EE50B299E9D5E000FE6AC /* AddExerciseViewModel.swift */; };
		EA4EE50E299EA49F000FE6AC /* AddEntryView.swift in Sources */ = {isa = PBXBuildFile; fileRef = EA4EE50D299EA49F000FE6AC /* AddEntryView.swift */; };
		EA4EE50F299EA514000FE6AC /* Theme.swift in Sources */ = {isa = PBXBuildFile; fileRef = EA08544F299BED050029DD42 /* Theme.swift */; };
		EA4EE511299EA53C000FE6AC /* ExerciseEntry.swift in Sources */ = {isa = PBXBuildFile; fileRef = EA4EE510299EA53C000FE6AC /* ExerciseEntry.swift */; };
		EA4EE512299EA546000FE6AC /* ExerciseEntry.swift in Sources */ = {isa = PBXBuildFile; fileRef = EA4EE510299EA53C000FE6AC /* ExerciseEntry.swift */; };
		EA56DDF629A372AF00084E5A /* AddExerciseViewModelTests.swift in Sources */ = {isa = PBXBuildFile; fileRef = EA56DDF529A372AF00084E5A /* AddExerciseViewModelTests.swift */; };
		EA767580299D844E00771517 /* CaloriesApp.swift in Sources */ = {isa = PBXBuildFile; fileRef = EA76757F299D844E00771517 /* CaloriesApp.swift */; };
		EA767582299D844E00771517 /* TwoDayChartView.swift in Sources */ = {isa = PBXBuildFile; fileRef = EA767581299D844E00771517 /* TwoDayChartView.swift */; };
		EA767584299D845000771517 /* Assets.xcassets in Resources */ = {isa = PBXBuildFile; fileRef = EA767583299D845000771517 /* Assets.xcassets */; };
		EA7675AD299D865C00771517 /* HealthStore.swift in Sources */ = {isa = PBXBuildFile; fileRef = EA2D490729945C9400248864 /* HealthStore.swift */; };
		EA7675B3299D88F700771517 /* FoodEntry.swift in Sources */ = {isa = PBXBuildFile; fileRef = EA7675B2299D88F700771517 /* FoodEntry.swift */; };
		EA8060E929FD4AAA00310527 /* AddEntryViewTests.swift in Sources */ = {isa = PBXBuildFile; fileRef = EA8060E829FD4AAA00310527 /* AddEntryViewTests.swift */; };
		EA8060EF29FD4F7F00310527 /* ViewInspector in Frameworks */ = {isa = PBXBuildFile; productRef = EA8060EE29FD4F7F00310527 /* ViewInspector */; };
		EAB542DB29A228A900664583 /* Colours.xcassets in Resources */ = {isa = PBXBuildFile; fileRef = EA2D49032994394900248864 /* Colours.xcassets */; };
		EAB542DD29A28B5300664583 /* AddEntryViewModel.swift in Sources */ = {isa = PBXBuildFile; fileRef = EAB542DC29A28B5300664583 /* AddEntryViewModel.swift */; };
		EABBF0CE29B1342500C3B1F9 /* Day.swift in Sources */ = {isa = PBXBuildFile; fileRef = EABBF0CD29B1342500C3B1F9 /* Day.swift */; };
		EABBF0D029B1343800C3B1F9 /* Meal.swift in Sources */ = {isa = PBXBuildFile; fileRef = EABBF0CF29B1343800C3B1F9 /* Meal.swift */; };
		EABC054A2A015B8E0018496C /* AddEntryInputFieldsViewTests.swift in Sources */ = {isa = PBXBuildFile; fileRef = EABC05492A015B8E0018496C /* AddEntryInputFieldsViewTests.swift */; };
		EABDB44E29B4A98F0096FBF1 /* Date+Extensions.swift in Sources */ = {isa = PBXBuildFile; fileRef = EABDB44D29B4A98F0096FBF1 /* Date+Extensions.swift */; };
		EABDB44F29B4A98F0096FBF1 /* Date+Extensions.swift in Sources */ = {isa = PBXBuildFile; fileRef = EABDB44D29B4A98F0096FBF1 /* Date+Extensions.swift */; };
		EABDB45029B4A9D80096FBF1 /* Date+Extensions.swift in Sources */ = {isa = PBXBuildFile; fileRef = EABDB44D29B4A98F0096FBF1 /* Date+Extensions.swift */; };
		EAD2115B29A38F860007A813 /* RecordWeightView.swift in Sources */ = {isa = PBXBuildFile; fileRef = EAD2115A29A38F860007A813 /* RecordWeightView.swift */; };
		EAD2115D29A390E80007A813 /* RecordWeightViewModel.swift in Sources */ = {isa = PBXBuildFile; fileRef = EAD2115C29A390E80007A813 /* RecordWeightViewModel.swift */; };
		EAD2115F29A391960007A813 /* RecordWeightViewModelTests.swift in Sources */ = {isa = PBXBuildFile; fileRef = EAD2115E29A391960007A813 /* RecordWeightViewModelTests.swift */; };
		EAD2116129A412450007A813 /* WeightEntry.swift in Sources */ = {isa = PBXBuildFile; fileRef = EAD2116029A412450007A813 /* WeightEntry.swift */; };
		EAE553A529A6B4F4006102D2 /* WeightEntry.swift in Sources */ = {isa = PBXBuildFile; fileRef = EAD2116029A412450007A813 /* WeightEntry.swift */; };
		EAE553A629A6B7FB006102D2 /* HealthStore.swift in Sources */ = {isa = PBXBuildFile; fileRef = EA2D490729945C9400248864 /* HealthStore.swift */; };
		EAE553AA29A6B89B006102D2 /* FoodEntry.swift in Sources */ = {isa = PBXBuildFile; fileRef = EA7675B2299D88F700771517 /* FoodEntry.swift */; };
		EAE553AB29A6B8AE006102D2 /* ExerciseEntry.swift in Sources */ = {isa = PBXBuildFile; fileRef = EA4EE510299EA53C000FE6AC /* ExerciseEntry.swift */; };
		EAE553AC29A6B8B5006102D2 /* WeightEntry.swift in Sources */ = {isa = PBXBuildFile; fileRef = EAD2116029A412450007A813 /* WeightEntry.swift */; };
		EAF0153F299E940C002AE7D5 /* WeeklyChartViewModel.swift in Sources */ = {isa = PBXBuildFile; fileRef = EA085453299C353A0029DD42 /* WeeklyChartViewModel.swift */; };
		EAF01541299E978E002AE7D5 /* WeeklyProgressView.swift in Sources */ = {isa = PBXBuildFile; fileRef = EAF01540299E978E002AE7D5 /* WeeklyProgressView.swift */; };
		EAFC439F29A1525B00945E70 /* NumberPadView.swift in Sources */ = {isa = PBXBuildFile; fileRef = EAFC439E29A1525B00945E70 /* NumberPadView.swift */; };
/* End PBXBuildFile section */

/* Begin PBXContainerItemProxy section */
		EA097D9A29918CA000735129 /* PBXContainerItemProxy */ = {
			isa = PBXContainerItemProxy;
			containerPortal = EA097D7C29918C9E00735129 /* Project object */;
			proxyType = 1;
			remoteGlobalIDString = EA097D8329918C9E00735129;
			remoteInfo = Calories;
		};
		EA3146FA29A2C6F4002AAA45 /* PBXContainerItemProxy */ = {
			isa = PBXContainerItemProxy;
			containerPortal = EA097D7C29918C9E00735129 /* Project object */;
			proxyType = 1;
			remoteGlobalIDString = EA3146ED29A2C6F2002AAA45;
			remoteInfo = CaloriesWidgetExtension;
		};
		EA76758D299D845100771517 /* PBXContainerItemProxy */ = {
			isa = PBXContainerItemProxy;
			containerPortal = EA097D7C29918C9E00735129 /* Project object */;
			proxyType = 1;
			remoteGlobalIDString = EA767579299D844D00771517;
			remoteInfo = "Calories Watch App";
		};
/* End PBXContainerItemProxy section */

/* Begin PBXCopyFilesBuildPhase section */
		EA3146FD29A2C6F4002AAA45 /* Embed Foundation Extensions */ = {
			isa = PBXCopyFilesBuildPhase;
			buildActionMask = 2147483647;
			dstPath = "";
			dstSubfolderSpec = 13;
			files = (
				EA3146FC29A2C6F4002AAA45 /* CaloriesWidgetExtension.appex in Embed Foundation Extensions */,
			);
			name = "Embed Foundation Extensions";
			runOnlyForDeploymentPostprocessing = 0;
		};
/* End PBXCopyFilesBuildPhase section */

/* Begin PBXFileReference section */
		EA08544D299BD6290029DD42 /* AddEntryInputFieldsView.swift */ = {isa = PBXFileReference; lastKnownFileType = sourcecode.swift; path = AddEntryInputFieldsView.swift; sourceTree = "<group>"; };
		EA08544F299BED050029DD42 /* Theme.swift */ = {isa = PBXFileReference; lastKnownFileType = sourcecode.swift; path = Theme.swift; sourceTree = "<group>"; };
		EA085451299C01350029DD42 /* WeeklyChartView.swift */ = {isa = PBXFileReference; lastKnownFileType = sourcecode.swift; path = WeeklyChartView.swift; sourceTree = "<group>"; };
		EA085453299C353A0029DD42 /* WeeklyChartViewModel.swift */ = {isa = PBXFileReference; lastKnownFileType = sourcecode.swift; path = WeeklyChartViewModel.swift; sourceTree = "<group>"; };
		EA097D8429918C9E00735129 /* Calories.app */ = {isa = PBXFileReference; explicitFileType = wrapper.application; includeInIndex = 0; path = Calories.app; sourceTree = BUILT_PRODUCTS_DIR; };
		EA097D8729918C9E00735129 /* CaloriesApp.swift */ = {isa = PBXFileReference; lastKnownFileType = sourcecode.swift; path = CaloriesApp.swift; sourceTree = "<group>"; };
		EA097D8929918C9E00735129 /* CaloriesView.swift */ = {isa = PBXFileReference; lastKnownFileType = sourcecode.swift; path = CaloriesView.swift; sourceTree = "<group>"; };
		EA097D8B29918CA000735129 /* Assets.xcassets */ = {isa = PBXFileReference; lastKnownFileType = folder.assetcatalog; path = Assets.xcassets; sourceTree = "<group>"; };
		EA097D9029918CA000735129 /* Persistence.swift */ = {isa = PBXFileReference; lastKnownFileType = sourcecode.swift; path = Persistence.swift; sourceTree = "<group>"; };
		EA097D9929918CA000735129 /* CaloriesTests.xctest */ = {isa = PBXFileReference; explicitFileType = wrapper.cfbundle; includeInIndex = 0; path = CaloriesTests.xctest; sourceTree = BUILT_PRODUCTS_DIR; };
		EA097D9D29918CA000735129 /* CaloriesViewModelTests.swift */ = {isa = PBXFileReference; lastKnownFileType = sourcecode.swift; path = CaloriesViewModelTests.swift; sourceTree = "<group>"; };
		EA097DB62991901700735129 /* Calories.entitlements */ = {isa = PBXFileReference; lastKnownFileType = text.plist.entitlements; path = Calories.entitlements; sourceTree = "<group>"; };
		EA097DB72991909500735129 /* HistoryViewModel.swift */ = {isa = PBXFileReference; lastKnownFileType = sourcecode.swift; path = HistoryViewModel.swift; sourceTree = "<group>"; };
		EA097DC42993986D00735129 /* Model.xcdatamodel */ = {isa = PBXFileReference; lastKnownFileType = wrapper.xcdatamodel; path = Model.xcdatamodel; sourceTree = "<group>"; };
		EA16CEFE2B53418B00E01122 /* MealPickerViewTests.swift */ = {isa = PBXFileReference; lastKnownFileType = sourcecode.swift; path = MealPickerViewTests.swift; sourceTree = "<group>"; };
		EA2201E22B372351007F444B /* FoodEntry.swift */ = {isa = PBXFileReference; fileEncoding = 4; lastKnownFileType = sourcecode.swift; path = FoodEntry.swift; sourceTree = "<group>"; };
		EA2C9B8D29B4B2AC0019DB36 /* MealBreakdownViewModel.swift */ = {isa = PBXFileReference; lastKnownFileType = sourcecode.swift; path = MealBreakdownViewModel.swift; sourceTree = "<group>"; };
		EA2C9B8F29B4B2BD0019DB36 /* MealBreakdownView.swift */ = {isa = PBXFileReference; lastKnownFileType = sourcecode.swift; path = MealBreakdownView.swift; sourceTree = "<group>"; };
		EA2D49032994394900248864 /* Colours.xcassets */ = {isa = PBXFileReference; lastKnownFileType = folder.assetcatalog; path = Colours.xcassets; sourceTree = "<group>"; };
		EA2D490529944E3000248864 /* AddEntryView.swift */ = {isa = PBXFileReference; lastKnownFileType = sourcecode.swift; path = AddEntryView.swift; sourceTree = "<group>"; };
		EA2D490729945C9400248864 /* HealthStore.swift */ = {isa = PBXFileReference; lastKnownFileType = sourcecode.swift; path = HealthStore.swift; sourceTree = "<group>"; };
		EA2D490929970B8A00248864 /* HistoryView.swift */ = {isa = PBXFileReference; lastKnownFileType = sourcecode.swift; path = HistoryView.swift; sourceTree = "<group>"; };
		EA2D490B2997D60200248864 /* MealItemsView.swift */ = {isa = PBXFileReference; lastKnownFileType = sourcecode.swift; path = MealItemsView.swift; sourceTree = "<group>"; };
		EA2D490D2997D62000248864 /* MealItemsViewModel.swift */ = {isa = PBXFileReference; lastKnownFileType = sourcecode.swift; path = MealItemsViewModel.swift; sourceTree = "<group>"; };
		EA2D490F2997D99E00248864 /* MealItemsViewModelTests.swift */ = {isa = PBXFileReference; lastKnownFileType = sourcecode.swift; path = MealItemsViewModelTests.swift; sourceTree = "<group>"; };
		EA2D49112998142100248864 /* AddEntryViewModel.swift */ = {isa = PBXFileReference; lastKnownFileType = sourcecode.swift; path = AddEntryViewModel.swift; sourceTree = "<group>"; };
		EA2D49132998166500248864 /* AddEntryViewModelTests.swift */ = {isa = PBXFileReference; lastKnownFileType = sourcecode.swift; path = AddEntryViewModelTests.swift; sourceTree = "<group>"; };
		EA2EA7472B50776400382DC8 /* MealPickerView.swift */ = {isa = PBXFileReference; lastKnownFileType = sourcecode.swift; path = MealPickerView.swift; sourceTree = "<group>"; };
		EA2EA7492B507A7D00382DC8 /* PlantListView.swift */ = {isa = PBXFileReference; lastKnownFileType = sourcecode.swift; path = PlantListView.swift; sourceTree = "<group>"; };
		EA3146EE29A2C6F2002AAA45 /* CaloriesWidgetExtension.appex */ = {isa = PBXFileReference; explicitFileType = "wrapper.app-extension"; includeInIndex = 0; path = CaloriesWidgetExtension.appex; sourceTree = BUILT_PRODUCTS_DIR; };
		EA3146F029A2C6F3002AAA45 /* WidgetKit.framework */ = {isa = PBXFileReference; lastKnownFileType = wrapper.framework; name = WidgetKit.framework; path = System/Library/Frameworks/WidgetKit.framework; sourceTree = SDKROOT; };
		EA3146F229A2C6F3002AAA45 /* SwiftUI.framework */ = {isa = PBXFileReference; lastKnownFileType = wrapper.framework; name = SwiftUI.framework; path = System/Library/Frameworks/SwiftUI.framework; sourceTree = SDKROOT; };
		EA3146F529A2C6F3002AAA45 /* CaloriesWidget.swift */ = {isa = PBXFileReference; lastKnownFileType = sourcecode.swift; path = CaloriesWidget.swift; sourceTree = "<group>"; };
		EA3146F729A2C6F4002AAA45 /* Assets.xcassets */ = {isa = PBXFileReference; lastKnownFileType = folder.assetcatalog; path = Assets.xcassets; sourceTree = "<group>"; };
		EA3146F929A2C6F4002AAA45 /* Info.plist */ = {isa = PBXFileReference; lastKnownFileType = text.plist.xml; path = Info.plist; sourceTree = "<group>"; };
		EA3EDC15299D5042005070D3 /* Info.plist */ = {isa = PBXFileReference; lastKnownFileType = text.plist; path = Info.plist; sourceTree = "<group>"; };
		EA3EDC17299D74DA005070D3 /* WeeklyChartViewModelTests.swift */ = {isa = PBXFileReference; lastKnownFileType = sourcecode.swift; path = WeeklyChartViewModelTests.swift; sourceTree = "<group>"; };
		EA42A0FF29B15EEE003BB1FC /* Helpers.swift */ = {isa = PBXFileReference; lastKnownFileType = sourcecode.swift; path = Helpers.swift; sourceTree = "<group>"; };
		EA4EE508299E9D0A000FE6AC /* AddExerciseView.swift */ = {isa = PBXFileReference; lastKnownFileType = sourcecode.swift; path = AddExerciseView.swift; sourceTree = "<group>"; };
		EA4EE50B299E9D5E000FE6AC /* AddExerciseViewModel.swift */ = {isa = PBXFileReference; lastKnownFileType = sourcecode.swift; path = AddExerciseViewModel.swift; sourceTree = "<group>"; };
		EA4EE50D299EA49F000FE6AC /* AddEntryView.swift */ = {isa = PBXFileReference; lastKnownFileType = sourcecode.swift; path = AddEntryView.swift; sourceTree = "<group>"; };
		EA4EE510299EA53C000FE6AC /* ExerciseEntry.swift */ = {isa = PBXFileReference; lastKnownFileType = sourcecode.swift; path = ExerciseEntry.swift; sourceTree = "<group>"; };
		EA56DDF529A372AF00084E5A /* AddExerciseViewModelTests.swift */ = {isa = PBXFileReference; lastKnownFileType = sourcecode.swift; path = AddExerciseViewModelTests.swift; sourceTree = "<group>"; };
		EA76757A299D844D00771517 /* Calories Watch App.app */ = {isa = PBXFileReference; explicitFileType = wrapper.application; includeInIndex = 0; path = "Calories Watch App.app"; sourceTree = BUILT_PRODUCTS_DIR; };
		EA76757F299D844E00771517 /* CaloriesApp.swift */ = {isa = PBXFileReference; lastKnownFileType = sourcecode.swift; path = CaloriesApp.swift; sourceTree = "<group>"; };
		EA767581299D844E00771517 /* TwoDayChartView.swift */ = {isa = PBXFileReference; lastKnownFileType = sourcecode.swift; path = TwoDayChartView.swift; sourceTree = "<group>"; };
		EA767583299D845000771517 /* Assets.xcassets */ = {isa = PBXFileReference; lastKnownFileType = folder.assetcatalog; path = Assets.xcassets; sourceTree = "<group>"; };
		EA76758C299D845000771517 /* Calories Watch AppTests.xctest */ = {isa = PBXFileReference; explicitFileType = wrapper.cfbundle; includeInIndex = 0; path = "Calories Watch AppTests.xctest"; sourceTree = BUILT_PRODUCTS_DIR; };
		EA7675B2299D88F700771517 /* FoodEntry.swift */ = {isa = PBXFileReference; lastKnownFileType = sourcecode.swift; path = FoodEntry.swift; sourceTree = "<group>"; };
		EA7675B5299D8DEE00771517 /* Calories Watch App.entitlements */ = {isa = PBXFileReference; lastKnownFileType = text.plist.entitlements; path = "Calories Watch App.entitlements"; sourceTree = "<group>"; };
		EA8060E829FD4AAA00310527 /* AddEntryViewTests.swift */ = {isa = PBXFileReference; lastKnownFileType = sourcecode.swift; path = AddEntryViewTests.swift; sourceTree = "<group>"; };
		EAB542DC29A28B5300664583 /* AddEntryViewModel.swift */ = {isa = PBXFileReference; lastKnownFileType = sourcecode.swift; path = AddEntryViewModel.swift; sourceTree = "<group>"; };
		EABBF0CD29B1342500C3B1F9 /* Day.swift */ = {isa = PBXFileReference; lastKnownFileType = sourcecode.swift; path = Day.swift; sourceTree = "<group>"; };
		EABBF0CF29B1343800C3B1F9 /* Meal.swift */ = {isa = PBXFileReference; lastKnownFileType = sourcecode.swift; path = Meal.swift; sourceTree = "<group>"; };
		EABC05492A015B8E0018496C /* AddEntryInputFieldsViewTests.swift */ = {isa = PBXFileReference; lastKnownFileType = sourcecode.swift; path = AddEntryInputFieldsViewTests.swift; sourceTree = "<group>"; };
		EABDB44D29B4A98F0096FBF1 /* Date+Extensions.swift */ = {isa = PBXFileReference; lastKnownFileType = sourcecode.swift; path = "Date+Extensions.swift"; sourceTree = "<group>"; };
		EAD2115A29A38F860007A813 /* RecordWeightView.swift */ = {isa = PBXFileReference; lastKnownFileType = sourcecode.swift; path = RecordWeightView.swift; sourceTree = "<group>"; };
		EAD2115C29A390E80007A813 /* RecordWeightViewModel.swift */ = {isa = PBXFileReference; lastKnownFileType = sourcecode.swift; path = RecordWeightViewModel.swift; sourceTree = "<group>"; };
		EAD2115E29A391960007A813 /* RecordWeightViewModelTests.swift */ = {isa = PBXFileReference; lastKnownFileType = sourcecode.swift; path = RecordWeightViewModelTests.swift; sourceTree = "<group>"; };
		EAD2116029A412450007A813 /* WeightEntry.swift */ = {isa = PBXFileReference; lastKnownFileType = sourcecode.swift; path = WeightEntry.swift; sourceTree = "<group>"; };
		EAF01540299E978E002AE7D5 /* WeeklyProgressView.swift */ = {isa = PBXFileReference; lastKnownFileType = sourcecode.swift; path = WeeklyProgressView.swift; sourceTree = "<group>"; };
		EAFC439E29A1525B00945E70 /* NumberPadView.swift */ = {isa = PBXFileReference; lastKnownFileType = sourcecode.swift; path = NumberPadView.swift; sourceTree = "<group>"; };
/* End PBXFileReference section */

/* Begin PBXFrameworksBuildPhase section */
		EA097D8129918C9E00735129 /* Frameworks */ = {
			isa = PBXFrameworksBuildPhase;
			buildActionMask = 2147483647;
			files = (
			);
			runOnlyForDeploymentPostprocessing = 0;
		};
		EA097D9629918CA000735129 /* Frameworks */ = {
			isa = PBXFrameworksBuildPhase;
			buildActionMask = 2147483647;
			files = (
				EA8060EF29FD4F7F00310527 /* ViewInspector in Frameworks */,
			);
			runOnlyForDeploymentPostprocessing = 0;
		};
		EA3146EB29A2C6F2002AAA45 /* Frameworks */ = {
			isa = PBXFrameworksBuildPhase;
			buildActionMask = 2147483647;
			files = (
				EA3146F329A2C6F3002AAA45 /* SwiftUI.framework in Frameworks */,
				EA3146F129A2C6F3002AAA45 /* WidgetKit.framework in Frameworks */,
			);
			runOnlyForDeploymentPostprocessing = 0;
		};
		EA767577299D844D00771517 /* Frameworks */ = {
			isa = PBXFrameworksBuildPhase;
			buildActionMask = 2147483647;
			files = (
			);
			runOnlyForDeploymentPostprocessing = 0;
		};
		EA767589299D845000771517 /* Frameworks */ = {
			isa = PBXFrameworksBuildPhase;
			buildActionMask = 2147483647;
			files = (
			);
			runOnlyForDeploymentPostprocessing = 0;
		};
/* End PBXFrameworksBuildPhase section */

/* Begin PBXGroup section */
		EA097D7B29918C9E00735129 = {
			isa = PBXGroup;
			children = (
				EA097D8629918C9E00735129 /* Calories */,
				EA097D9C29918CA000735129 /* CaloriesTests */,
				EA76757E299D844E00771517 /* Calories Watch App */,
				EA3146F429A2C6F3002AAA45 /* CaloriesWidget */,
				EA3146EF29A2C6F3002AAA45 /* Frameworks */,
				EA097D8529918C9E00735129 /* Products */,
			);
			sourceTree = "<group>";
		};
		EA097D8529918C9E00735129 /* Products */ = {
			isa = PBXGroup;
			children = (
				EA097D8429918C9E00735129 /* Calories.app */,
				EA097D9929918CA000735129 /* CaloriesTests.xctest */,
				EA76757A299D844D00771517 /* Calories Watch App.app */,
				EA76758C299D845000771517 /* Calories Watch AppTests.xctest */,
				EA3146EE29A2C6F2002AAA45 /* CaloriesWidgetExtension.appex */,
			);
			name = Products;
			sourceTree = "<group>";
		};
		EA097D8629918C9E00735129 /* Calories */ = {
			isa = PBXGroup;
			children = (
				EA3EDC15299D5042005070D3 /* Info.plist */,
				EA097DB62991901700735129 /* Calories.entitlements */,
				EA2D491929981B4600248864 /* Resources */,
				EA6655A529939EEA000770F6 /* Model */,
				EA2D491529981AE800248864 /* App */,
				EA4EE50A299E9D44000FE6AC /* AddExercise */,
				EA2D491629981AFD00248864 /* AddEntry */,
				EA2D491729981B0F00248864 /* MealItems */,
				EA2D491829981B3C00248864 /* HealthStore */,
				EA2C9B8C29B4B2990019DB36 /* MealBreakdown */,
				EAD2115929A38F730007A813 /* RecordWeight */,
				EA3EDC16299D6E8D005070D3 /* WeeklyChart */,
			);
			path = Calories;
			sourceTree = "<group>";
		};
		EA097D9C29918CA000735129 /* CaloriesTests */ = {
			isa = PBXGroup;
			children = (
				EABC05492A015B8E0018496C /* AddEntryInputFieldsViewTests.swift */,
				EA2D49132998166500248864 /* AddEntryViewModelTests.swift */,
				EA8060E829FD4AAA00310527 /* AddEntryViewTests.swift */,
				EA56DDF529A372AF00084E5A /* AddExerciseViewModelTests.swift */,
				EA097D9D29918CA000735129 /* CaloriesViewModelTests.swift */,
				EA2D490F2997D99E00248864 /* MealItemsViewModelTests.swift */,
				EA16CEFE2B53418B00E01122 /* MealPickerViewTests.swift */,
				EAD2115E29A391960007A813 /* RecordWeightViewModelTests.swift */,
				EA3EDC17299D74DA005070D3 /* WeeklyChartViewModelTests.swift */,
			);
			path = CaloriesTests;
			sourceTree = "<group>";
		};
		EA2C9B8C29B4B2990019DB36 /* MealBreakdown */ = {
			isa = PBXGroup;
			children = (
				EA2C9B8D29B4B2AC0019DB36 /* MealBreakdownViewModel.swift */,
				EA2C9B8F29B4B2BD0019DB36 /* MealBreakdownView.swift */,
			);
			path = MealBreakdown;
			sourceTree = "<group>";
		};
		EA2D491529981AE800248864 /* App */ = {
			isa = PBXGroup;
			children = (
				EA097D8729918C9E00735129 /* CaloriesApp.swift */,
				EA08544F299BED050029DD42 /* Theme.swift */,
				EA097D8929918C9E00735129 /* CaloriesView.swift */,
				EA097DB72991909500735129 /* HistoryViewModel.swift */,
				EA2D490929970B8A00248864 /* HistoryView.swift */,
				EABDB44D29B4A98F0096FBF1 /* Date+Extensions.swift */,
			);
			path = App;
			sourceTree = "<group>";
		};
		EA2D491629981AFD00248864 /* AddEntry */ = {
			isa = PBXGroup;
			children = (
				EA2D490529944E3000248864 /* AddEntryView.swift */,
				EA08544D299BD6290029DD42 /* AddEntryInputFieldsView.swift */,
				EA2EA7492B507A7D00382DC8 /* PlantListView.swift */,
				EA2EA7472B50776400382DC8 /* MealPickerView.swift */,
				EA2D49112998142100248864 /* AddEntryViewModel.swift */,
			);
			path = AddEntry;
			sourceTree = "<group>";
		};
		EA2D491729981B0F00248864 /* MealItems */ = {
			isa = PBXGroup;
			children = (
				EA2D490D2997D62000248864 /* MealItemsViewModel.swift */,
				EA2D490B2997D60200248864 /* MealItemsView.swift */,
			);
			path = MealItems;
			sourceTree = "<group>";
		};
		EA2D491829981B3C00248864 /* HealthStore */ = {
			isa = PBXGroup;
			children = (
				EA2D490729945C9400248864 /* HealthStore.swift */,
			);
			path = HealthStore;
			sourceTree = "<group>";
		};
		EA2D491929981B4600248864 /* Resources */ = {
			isa = PBXGroup;
			children = (
				EA097D8B29918CA000735129 /* Assets.xcassets */,
				EA2D49032994394900248864 /* Colours.xcassets */,
			);
			path = Resources;
			sourceTree = "<group>";
		};
		EA3146EF29A2C6F3002AAA45 /* Frameworks */ = {
			isa = PBXGroup;
			children = (
				EA3146F029A2C6F3002AAA45 /* WidgetKit.framework */,
				EA3146F229A2C6F3002AAA45 /* SwiftUI.framework */,
			);
			name = Frameworks;
			sourceTree = "<group>";
		};
		EA3146F429A2C6F3002AAA45 /* CaloriesWidget */ = {
			isa = PBXGroup;
			children = (
				EA3146F529A2C6F3002AAA45 /* CaloriesWidget.swift */,
				EA3146F729A2C6F4002AAA45 /* Assets.xcassets */,
				EA3146F929A2C6F4002AAA45 /* Info.plist */,
			);
			path = CaloriesWidget;
			sourceTree = "<group>";
		};
		EA3EDC16299D6E8D005070D3 /* WeeklyChart */ = {
			isa = PBXGroup;
			children = (
				EA085451299C01350029DD42 /* WeeklyChartView.swift */,
				EA085453299C353A0029DD42 /* WeeklyChartViewModel.swift */,
			);
			path = WeeklyChart;
			sourceTree = "<group>";
		};
		EA4EE50A299E9D44000FE6AC /* AddExercise */ = {
			isa = PBXGroup;
			children = (
				EA4EE508299E9D0A000FE6AC /* AddExerciseView.swift */,
				EA4EE50B299E9D5E000FE6AC /* AddExerciseViewModel.swift */,
			);
			path = AddExercise;
			sourceTree = "<group>";
		};
		EA6655A529939EEA000770F6 /* Model */ = {
			isa = PBXGroup;
			children = (
				EA2201E22B372351007F444B /* FoodEntry.swift */,
				EA097DC32993986D00735129 /* Model.xcdatamodeld */,
				EABBF0CD29B1342500C3B1F9 /* Day.swift */,
				EA42A0FF29B15EEE003BB1FC /* Helpers.swift */,
				EA4EE510299EA53C000FE6AC /* ExerciseEntry.swift */,
				EABBF0CF29B1343800C3B1F9 /* Meal.swift */,
				EA097D9029918CA000735129 /* Persistence.swift */,
				EAD2116029A412450007A813 /* WeightEntry.swift */,
			);
			path = Model;
			sourceTree = "<group>";
		};
		EA76757E299D844E00771517 /* Calories Watch App */ = {
			isa = PBXGroup;
			children = (
				EA7675B5299D8DEE00771517 /* Calories Watch App.entitlements */,
				EA76757F299D844E00771517 /* CaloriesApp.swift */,
				EA767581299D844E00771517 /* TwoDayChartView.swift */,
				EA4EE50D299EA49F000FE6AC /* AddEntryView.swift */,
				EAB542DC29A28B5300664583 /* AddEntryViewModel.swift */,
				EAFC439E29A1525B00945E70 /* NumberPadView.swift */,
				EAF01540299E978E002AE7D5 /* WeeklyProgressView.swift */,
				EA767583299D845000771517 /* Assets.xcassets */,
				EA7675B2299D88F700771517 /* FoodEntry.swift */,
			);
			path = "Calories Watch App";
			sourceTree = "<group>";
		};
		EAD2115929A38F730007A813 /* RecordWeight */ = {
			isa = PBXGroup;
			children = (
				EAD2115A29A38F860007A813 /* RecordWeightView.swift */,
				EAD2115C29A390E80007A813 /* RecordWeightViewModel.swift */,
			);
			path = RecordWeight;
			sourceTree = "<group>";
		};
/* End PBXGroup section */

/* Begin PBXNativeTarget section */
		EA097D8329918C9E00735129 /* Calories */ = {
			isa = PBXNativeTarget;
			buildConfigurationList = EA097DAD29918CA000735129 /* Build configuration list for PBXNativeTarget "Calories" */;
			buildPhases = (
				EA097D8029918C9E00735129 /* Sources */,
				EA097D8129918C9E00735129 /* Frameworks */,
				EA097D8229918C9E00735129 /* Resources */,
			);
			buildRules = (
			);
			dependencies = (
			);
			name = Calories;
			packageProductDependencies = (
			);
			productName = Calories;
			productReference = EA097D8429918C9E00735129 /* Calories.app */;
			productType = "com.apple.product-type.application";
		};
		EA097D9829918CA000735129 /* CaloriesTests */ = {
			isa = PBXNativeTarget;
			buildConfigurationList = EA097DB029918CA000735129 /* Build configuration list for PBXNativeTarget "CaloriesTests" */;
			buildPhases = (
				EA097D9529918CA000735129 /* Sources */,
				EA097D9629918CA000735129 /* Frameworks */,
				EA097D9729918CA000735129 /* Resources */,
			);
			buildRules = (
			);
			dependencies = (
				EA097D9B29918CA000735129 /* PBXTargetDependency */,
			);
			name = CaloriesTests;
			packageProductDependencies = (
				EA8060EE29FD4F7F00310527 /* ViewInspector */,
			);
			productName = CaloriesTests;
			productReference = EA097D9929918CA000735129 /* CaloriesTests.xctest */;
			productType = "com.apple.product-type.bundle.unit-test";
		};
		EA3146ED29A2C6F2002AAA45 /* CaloriesWidgetExtension */ = {
			isa = PBXNativeTarget;
			buildConfigurationList = EA31470029A2C6F4002AAA45 /* Build configuration list for PBXNativeTarget "CaloriesWidgetExtension" */;
			buildPhases = (
				EA3146EA29A2C6F2002AAA45 /* Sources */,
				EA3146EB29A2C6F2002AAA45 /* Frameworks */,
				EA3146EC29A2C6F2002AAA45 /* Resources */,
			);
			buildRules = (
			);
			dependencies = (
			);
			name = CaloriesWidgetExtension;
			productName = CaloriesWidgetExtension;
			productReference = EA3146EE29A2C6F2002AAA45 /* CaloriesWidgetExtension.appex */;
			productType = "com.apple.product-type.app-extension";
		};
		EA767579299D844D00771517 /* Calories Watch App */ = {
			isa = PBXNativeTarget;
			buildConfigurationList = EA76759E299D845400771517 /* Build configuration list for PBXNativeTarget "Calories Watch App" */;
			buildPhases = (
				EA767576299D844D00771517 /* Sources */,
				EA767577299D844D00771517 /* Frameworks */,
				EA767578299D844D00771517 /* Resources */,
				EA3146FD29A2C6F4002AAA45 /* Embed Foundation Extensions */,
			);
			buildRules = (
			);
			dependencies = (
				EA3146FB29A2C6F4002AAA45 /* PBXTargetDependency */,
			);
			name = "Calories Watch App";
			productName = "Calories Watch App";
			productReference = EA76757A299D844D00771517 /* Calories Watch App.app */;
			productType = "com.apple.product-type.application";
		};
		EA76758B299D845000771517 /* Calories Watch AppTests */ = {
			isa = PBXNativeTarget;
			buildConfigurationList = EA7675A5299D845400771517 /* Build configuration list for PBXNativeTarget "Calories Watch AppTests" */;
			buildPhases = (
				EA767588299D845000771517 /* Sources */,
				EA767589299D845000771517 /* Frameworks */,
				EA76758A299D845000771517 /* Resources */,
			);
			buildRules = (
			);
			dependencies = (
				EA76758E299D845100771517 /* PBXTargetDependency */,
			);
			name = "Calories Watch AppTests";
			productName = "Calories Watch AppTests";
			productReference = EA76758C299D845000771517 /* Calories Watch AppTests.xctest */;
			productType = "com.apple.product-type.bundle.unit-test";
		};
/* End PBXNativeTarget section */

/* Begin PBXProject section */
		EA097D7C29918C9E00735129 /* Project object */ = {
			isa = PBXProject;
			attributes = {
				BuildIndependentTargetsInParallel = 1;
				LastSwiftUpdateCheck = 1410;
				LastUpgradeCheck = 1410;
				TargetAttributes = {
					EA097D8329918C9E00735129 = {
						CreatedOnToolsVersion = 14.1;
					};
					EA097D9829918CA000735129 = {
						CreatedOnToolsVersion = 14.1;
						TestTargetID = EA097D8329918C9E00735129;
					};
					EA3146ED29A2C6F2002AAA45 = {
						CreatedOnToolsVersion = 14.1;
					};
					EA767579299D844D00771517 = {
						CreatedOnToolsVersion = 14.1;
					};
					EA76758B299D845000771517 = {
						CreatedOnToolsVersion = 14.1;
						TestTargetID = EA767579299D844D00771517;
					};
				};
			};
			buildConfigurationList = EA097D7F29918C9E00735129 /* Build configuration list for PBXProject "Calories" */;
			compatibilityVersion = "Xcode 14.0";
			developmentRegion = en;
			hasScannedForEncodings = 0;
			knownRegions = (
				en,
				Base,
			);
			mainGroup = EA097D7B29918C9E00735129;
			packageReferences = (
				EA8060ED29FD4F7F00310527 /* XCRemoteSwiftPackageReference "ViewInspector" */,
			);
			productRefGroup = EA097D8529918C9E00735129 /* Products */;
			projectDirPath = "";
			projectRoot = "";
			targets = (
				EA097D8329918C9E00735129 /* Calories */,
				EA097D9829918CA000735129 /* CaloriesTests */,
				EA767579299D844D00771517 /* Calories Watch App */,
				EA76758B299D845000771517 /* Calories Watch AppTests */,
				EA3146ED29A2C6F2002AAA45 /* CaloriesWidgetExtension */,
			);
		};
/* End PBXProject section */

/* Begin PBXResourcesBuildPhase section */
		EA097D8229918C9E00735129 /* Resources */ = {
			isa = PBXResourcesBuildPhase;
			buildActionMask = 2147483647;
			files = (
				EA2D49042994394900248864 /* Colours.xcassets in Resources */,
				EA097D8C29918CA000735129 /* Assets.xcassets in Resources */,
			);
			runOnlyForDeploymentPostprocessing = 0;
		};
		EA097D9729918CA000735129 /* Resources */ = {
			isa = PBXResourcesBuildPhase;
			buildActionMask = 2147483647;
			files = (
			);
			runOnlyForDeploymentPostprocessing = 0;
		};
		EA3146EC29A2C6F2002AAA45 /* Resources */ = {
			isa = PBXResourcesBuildPhase;
			buildActionMask = 2147483647;
			files = (
				EA3146F829A2C6F4002AAA45 /* Assets.xcassets in Resources */,
			);
			runOnlyForDeploymentPostprocessing = 0;
		};
		EA767578299D844D00771517 /* Resources */ = {
			isa = PBXResourcesBuildPhase;
			buildActionMask = 2147483647;
			files = (
				EA767584299D845000771517 /* Assets.xcassets in Resources */,
				EAB542DB29A228A900664583 /* Colours.xcassets in Resources */,
			);
			runOnlyForDeploymentPostprocessing = 0;
		};
		EA76758A299D845000771517 /* Resources */ = {
			isa = PBXResourcesBuildPhase;
			buildActionMask = 2147483647;
			files = (
			);
			runOnlyForDeploymentPostprocessing = 0;
		};
/* End PBXResourcesBuildPhase section */

/* Begin PBXSourcesBuildPhase section */
		EA097D8029918C9E00735129 /* Sources */ = {
			isa = PBXSourcesBuildPhase;
			buildActionMask = 2147483647;
			files = (
				EA097D9129918CA000735129 /* Persistence.swift in Sources */,
				EA097D8A29918C9E00735129 /* CaloriesView.swift in Sources */,
				EA2EA74A2B507A7D00382DC8 /* PlantListView.swift in Sources */,
				EABBF0CE29B1342500C3B1F9 /* Day.swift in Sources */,
				EAD2115D29A390E80007A813 /* RecordWeightViewModel.swift in Sources */,
				EABBF0D029B1343800C3B1F9 /* Meal.swift in Sources */,
				EA2D490C2997D60200248864 /* MealItemsView.swift in Sources */,
				EA2C9B8E29B4B2AC0019DB36 /* MealBreakdownViewModel.swift in Sources */,
				EA2D490E2997D62000248864 /* MealItemsViewModel.swift in Sources */,
				EA2201E32B372351007F444B /* FoodEntry.swift in Sources */,
				EA085450299BED050029DD42 /* Theme.swift in Sources */,
				EA085452299C01350029DD42 /* WeeklyChartView.swift in Sources */,
				EA08544E299BD62A0029DD42 /* AddEntryInputFieldsView.swift in Sources */,
				EABDB44E29B4A98F0096FBF1 /* Date+Extensions.swift in Sources */,
				EA2EA7482B50776400382DC8 /* MealPickerView.swift in Sources */,
				EA4EE50C299E9D5E000FE6AC /* AddExerciseViewModel.swift in Sources */,
				EA2C9B9029B4B2BD0019DB36 /* MealBreakdownView.swift in Sources */,
				EA2D490629944E3000248864 /* AddEntryView.swift in Sources */,
				EA097DC52993986D00735129 /* Model.xcdatamodeld in Sources */,
				EA4EE509299E9D0A000FE6AC /* AddExerciseView.swift in Sources */,
				EA2D49122998142100248864 /* AddEntryViewModel.swift in Sources */,
				EA097D8829918C9E00735129 /* CaloriesApp.swift in Sources */,
				EA097DB82991909500735129 /* HistoryViewModel.swift in Sources */,
				EA2D490A29970B8A00248864 /* HistoryView.swift in Sources */,
				EA4EE511299EA53C000FE6AC /* ExerciseEntry.swift in Sources */,
				EAD2115B29A38F860007A813 /* RecordWeightView.swift in Sources */,
				EA085454299C353A0029DD42 /* WeeklyChartViewModel.swift in Sources */,
				EA2D490829945C9400248864 /* HealthStore.swift in Sources */,
				EA42A10029B15EEE003BB1FC /* Helpers.swift in Sources */,
				EAD2116129A412450007A813 /* WeightEntry.swift in Sources */,
			);
			runOnlyForDeploymentPostprocessing = 0;
		};
		EA097D9529918CA000735129 /* Sources */ = {
			isa = PBXSourcesBuildPhase;
			buildActionMask = 2147483647;
			files = (
				EA3EDC18299D74DA005070D3 /* WeeklyChartViewModelTests.swift in Sources */,
				EABC054A2A015B8E0018496C /* AddEntryInputFieldsViewTests.swift in Sources */,
				EA2D49102997D99E00248864 /* MealItemsViewModelTests.swift in Sources */,
				EAD2115F29A391960007A813 /* RecordWeightViewModelTests.swift in Sources */,
				EA2D49142998166500248864 /* AddEntryViewModelTests.swift in Sources */,
				EA8060E929FD4AAA00310527 /* AddEntryViewTests.swift in Sources */,
				EA097D9E29918CA000735129 /* CaloriesViewModelTests.swift in Sources */,
				EA56DDF629A372AF00084E5A /* AddExerciseViewModelTests.swift in Sources */,
				EA16CEFF2B53418B00E01122 /* MealPickerViewTests.swift in Sources */,
			);
			runOnlyForDeploymentPostprocessing = 0;
		};
		EA3146EA29A2C6F2002AAA45 /* Sources */ = {
			isa = PBXSourcesBuildPhase;
			buildActionMask = 2147483647;
			files = (
				EAE553AB29A6B8AE006102D2 /* ExerciseEntry.swift in Sources */,
				EA3146F629A2C6F3002AAA45 /* CaloriesWidget.swift in Sources */,
				EAE553AC29A6B8B5006102D2 /* WeightEntry.swift in Sources */,
				EAE553AA29A6B89B006102D2 /* FoodEntry.swift in Sources */,
				EAE553A629A6B7FB006102D2 /* HealthStore.swift in Sources */,
				EABDB45029B4A9D80096FBF1 /* Date+Extensions.swift in Sources */,
			);
			runOnlyForDeploymentPostprocessing = 0;
		};
		EA767576299D844D00771517 /* Sources */ = {
			isa = PBXSourcesBuildPhase;
			buildActionMask = 2147483647;
			files = (
				EA7675B3299D88F700771517 /* FoodEntry.swift in Sources */,
				EA4EE50F299EA514000FE6AC /* Theme.swift in Sources */,
				EA767582299D844E00771517 /* TwoDayChartView.swift in Sources */,
				EAB542DD29A28B5300664583 /* AddEntryViewModel.swift in Sources */,
				EA4EE50E299EA49F000FE6AC /* AddEntryView.swift in Sources */,
				EA7675AD299D865C00771517 /* HealthStore.swift in Sources */,
				EA4EE512299EA546000FE6AC /* ExerciseEntry.swift in Sources */,
				EA767580299D844E00771517 /* CaloriesApp.swift in Sources */,
				EAFC439F29A1525B00945E70 /* NumberPadView.swift in Sources */,
				EABDB44F29B4A98F0096FBF1 /* Date+Extensions.swift in Sources */,
				EAF01541299E978E002AE7D5 /* WeeklyProgressView.swift in Sources */,
				EA42A10129B167CF003BB1FC /* Helpers.swift in Sources */,
				EAE553A529A6B4F4006102D2 /* WeightEntry.swift in Sources */,
				EAF0153F299E940C002AE7D5 /* WeeklyChartViewModel.swift in Sources */,
			);
			runOnlyForDeploymentPostprocessing = 0;
		};
		EA767588299D845000771517 /* Sources */ = {
			isa = PBXSourcesBuildPhase;
			buildActionMask = 2147483647;
			files = (
			);
			runOnlyForDeploymentPostprocessing = 0;
		};
/* End PBXSourcesBuildPhase section */

/* Begin PBXTargetDependency section */
		EA097D9B29918CA000735129 /* PBXTargetDependency */ = {
			isa = PBXTargetDependency;
			target = EA097D8329918C9E00735129 /* Calories */;
			targetProxy = EA097D9A29918CA000735129 /* PBXContainerItemProxy */;
		};
		EA3146FB29A2C6F4002AAA45 /* PBXTargetDependency */ = {
			isa = PBXTargetDependency;
			target = EA3146ED29A2C6F2002AAA45 /* CaloriesWidgetExtension */;
			targetProxy = EA3146FA29A2C6F4002AAA45 /* PBXContainerItemProxy */;
		};
		EA76758E299D845100771517 /* PBXTargetDependency */ = {
			isa = PBXTargetDependency;
			target = EA767579299D844D00771517 /* Calories Watch App */;
			targetProxy = EA76758D299D845100771517 /* PBXContainerItemProxy */;
		};
/* End PBXTargetDependency section */

/* Begin XCBuildConfiguration section */
		EA097DAB29918CA000735129 /* Debug */ = {
			isa = XCBuildConfiguration;
			buildSettings = {
				ALWAYS_SEARCH_USER_PATHS = NO;
				CLANG_ANALYZER_NONNULL = YES;
				CLANG_ANALYZER_NUMBER_OBJECT_CONVERSION = YES_AGGRESSIVE;
				CLANG_CXX_LANGUAGE_STANDARD = "gnu++20";
				CLANG_ENABLE_MODULES = YES;
				CLANG_ENABLE_OBJC_ARC = YES;
				CLANG_ENABLE_OBJC_WEAK = YES;
				CLANG_WARN_BLOCK_CAPTURE_AUTORELEASING = YES;
				CLANG_WARN_BOOL_CONVERSION = YES;
				CLANG_WARN_COMMA = YES;
				CLANG_WARN_CONSTANT_CONVERSION = YES;
				CLANG_WARN_DEPRECATED_OBJC_IMPLEMENTATIONS = YES;
				CLANG_WARN_DIRECT_OBJC_ISA_USAGE = YES_ERROR;
				CLANG_WARN_DOCUMENTATION_COMMENTS = YES;
				CLANG_WARN_EMPTY_BODY = YES;
				CLANG_WARN_ENUM_CONVERSION = YES;
				CLANG_WARN_INFINITE_RECURSION = YES;
				CLANG_WARN_INT_CONVERSION = YES;
				CLANG_WARN_NON_LITERAL_NULL_CONVERSION = YES;
				CLANG_WARN_OBJC_IMPLICIT_RETAIN_SELF = YES;
				CLANG_WARN_OBJC_LITERAL_CONVERSION = YES;
				CLANG_WARN_OBJC_ROOT_CLASS = YES_ERROR;
				CLANG_WARN_QUOTED_INCLUDE_IN_FRAMEWORK_HEADER = YES;
				CLANG_WARN_RANGE_LOOP_ANALYSIS = YES;
				CLANG_WARN_STRICT_PROTOTYPES = YES;
				CLANG_WARN_SUSPICIOUS_MOVE = YES;
				CLANG_WARN_UNGUARDED_AVAILABILITY = YES_AGGRESSIVE;
				CLANG_WARN_UNREACHABLE_CODE = YES;
				CLANG_WARN__DUPLICATE_METHOD_MATCH = YES;
				COPY_PHASE_STRIP = NO;
				DEBUG_INFORMATION_FORMAT = dwarf;
				ENABLE_STRICT_OBJC_MSGSEND = YES;
				ENABLE_TESTABILITY = YES;
				GCC_C_LANGUAGE_STANDARD = gnu11;
				GCC_DYNAMIC_NO_PIC = NO;
				GCC_NO_COMMON_BLOCKS = YES;
				GCC_OPTIMIZATION_LEVEL = 0;
				GCC_PREPROCESSOR_DEFINITIONS = (
					"DEBUG=1",
					"$(inherited)",
				);
				GCC_WARN_64_TO_32_BIT_CONVERSION = YES;
				GCC_WARN_ABOUT_RETURN_TYPE = YES_ERROR;
				GCC_WARN_UNDECLARED_SELECTOR = YES;
				GCC_WARN_UNINITIALIZED_AUTOS = YES_AGGRESSIVE;
				GCC_WARN_UNUSED_FUNCTION = YES;
				GCC_WARN_UNUSED_VARIABLE = YES;
				IPHONEOS_DEPLOYMENT_TARGET = 16.1;
				MTL_ENABLE_DEBUG_INFO = INCLUDE_SOURCE;
				MTL_FAST_MATH = YES;
				ONLY_ACTIVE_ARCH = YES;
				SDKROOT = iphoneos;
				SWIFT_ACTIVE_COMPILATION_CONDITIONS = DEBUG;
				SWIFT_OPTIMIZATION_LEVEL = "-Onone";
			};
			name = Debug;
		};
		EA097DAC29918CA000735129 /* Release */ = {
			isa = XCBuildConfiguration;
			buildSettings = {
				ALWAYS_SEARCH_USER_PATHS = NO;
				CLANG_ANALYZER_NONNULL = YES;
				CLANG_ANALYZER_NUMBER_OBJECT_CONVERSION = YES_AGGRESSIVE;
				CLANG_CXX_LANGUAGE_STANDARD = "gnu++20";
				CLANG_ENABLE_MODULES = YES;
				CLANG_ENABLE_OBJC_ARC = YES;
				CLANG_ENABLE_OBJC_WEAK = YES;
				CLANG_WARN_BLOCK_CAPTURE_AUTORELEASING = YES;
				CLANG_WARN_BOOL_CONVERSION = YES;
				CLANG_WARN_COMMA = YES;
				CLANG_WARN_CONSTANT_CONVERSION = YES;
				CLANG_WARN_DEPRECATED_OBJC_IMPLEMENTATIONS = YES;
				CLANG_WARN_DIRECT_OBJC_ISA_USAGE = YES_ERROR;
				CLANG_WARN_DOCUMENTATION_COMMENTS = YES;
				CLANG_WARN_EMPTY_BODY = YES;
				CLANG_WARN_ENUM_CONVERSION = YES;
				CLANG_WARN_INFINITE_RECURSION = YES;
				CLANG_WARN_INT_CONVERSION = YES;
				CLANG_WARN_NON_LITERAL_NULL_CONVERSION = YES;
				CLANG_WARN_OBJC_IMPLICIT_RETAIN_SELF = YES;
				CLANG_WARN_OBJC_LITERAL_CONVERSION = YES;
				CLANG_WARN_OBJC_ROOT_CLASS = YES_ERROR;
				CLANG_WARN_QUOTED_INCLUDE_IN_FRAMEWORK_HEADER = YES;
				CLANG_WARN_RANGE_LOOP_ANALYSIS = YES;
				CLANG_WARN_STRICT_PROTOTYPES = YES;
				CLANG_WARN_SUSPICIOUS_MOVE = YES;
				CLANG_WARN_UNGUARDED_AVAILABILITY = YES_AGGRESSIVE;
				CLANG_WARN_UNREACHABLE_CODE = YES;
				CLANG_WARN__DUPLICATE_METHOD_MATCH = YES;
				COPY_PHASE_STRIP = NO;
				DEBUG_INFORMATION_FORMAT = "dwarf-with-dsym";
				ENABLE_NS_ASSERTIONS = NO;
				ENABLE_STRICT_OBJC_MSGSEND = YES;
				GCC_C_LANGUAGE_STANDARD = gnu11;
				GCC_NO_COMMON_BLOCKS = YES;
				GCC_WARN_64_TO_32_BIT_CONVERSION = YES;
				GCC_WARN_ABOUT_RETURN_TYPE = YES_ERROR;
				GCC_WARN_UNDECLARED_SELECTOR = YES;
				GCC_WARN_UNINITIALIZED_AUTOS = YES_AGGRESSIVE;
				GCC_WARN_UNUSED_FUNCTION = YES;
				GCC_WARN_UNUSED_VARIABLE = YES;
				IPHONEOS_DEPLOYMENT_TARGET = 16.1;
				MTL_ENABLE_DEBUG_INFO = NO;
				MTL_FAST_MATH = YES;
				SDKROOT = iphoneos;
				SWIFT_COMPILATION_MODE = wholemodule;
				SWIFT_OPTIMIZATION_LEVEL = "-O";
				VALIDATE_PRODUCT = YES;
			};
			name = Release;
		};
		EA097DAE29918CA000735129 /* Debug */ = {
			isa = XCBuildConfiguration;
			buildSettings = {
				ASSETCATALOG_COMPILER_APPICON_NAME = AppIcon;
				ASSETCATALOG_COMPILER_GLOBAL_ACCENT_COLOR_NAME = AccentColor;
				CODE_SIGN_ENTITLEMENTS = Calories/Calories.entitlements;
				CODE_SIGN_IDENTITY = "Apple Development";
				CODE_SIGN_STYLE = Automatic;
				CURRENT_PROJECT_VERSION = 1;
				DEVELOPMENT_TEAM = 83K5Y3G266;
				ENABLE_PREVIEWS = YES;
				GENERATE_INFOPLIST_FILE = YES;
				INFOPLIST_FILE = Calories/Info.plist;
				INFOPLIST_KEY_NSHealthShareUsageDescription = "We need to access your health data to find out your active calories";
				INFOPLIST_KEY_NSHealthUpdateUsageDescription = "We need to update your health data to update your consumed calories";
				INFOPLIST_KEY_UIApplicationSupportsIndirectInputEvents = YES;
				INFOPLIST_KEY_UILaunchScreen_Generation = YES;
				INFOPLIST_KEY_UISupportedInterfaceOrientations_iPad = "UIInterfaceOrientationPortrait UIInterfaceOrientationPortraitUpsideDown UIInterfaceOrientationLandscapeLeft UIInterfaceOrientationLandscapeRight";
				INFOPLIST_KEY_UISupportedInterfaceOrientations_iPhone = "UIInterfaceOrientationPortrait UIInterfaceOrientationLandscapeLeft UIInterfaceOrientationLandscapeRight";
				LD_RUNPATH_SEARCH_PATHS = (
					"$(inherited)",
					"@executable_path/Frameworks",
				);
				MARKETING_VERSION = 1.0;
				PRODUCT_BUNDLE_IDENTIFIER = com.tonyshort.nutrition;
				PRODUCT_NAME = "$(TARGET_NAME)";
				PROVISIONING_PROFILE_SPECIFIER = "";
				SWIFT_EMIT_LOC_STRINGS = YES;
				SWIFT_VERSION = 5.0;
				TARGETED_DEVICE_FAMILY = "1,2";
			};
			name = Debug;
		};
		EA097DAF29918CA000735129 /* Release */ = {
			isa = XCBuildConfiguration;
			buildSettings = {
				ASSETCATALOG_COMPILER_APPICON_NAME = AppIcon;
				ASSETCATALOG_COMPILER_GLOBAL_ACCENT_COLOR_NAME = AccentColor;
				CODE_SIGN_ENTITLEMENTS = Calories/Calories.entitlements;
				CODE_SIGN_IDENTITY = "Apple Development";
				CODE_SIGN_STYLE = Automatic;
				CURRENT_PROJECT_VERSION = 1;
				DEVELOPMENT_TEAM = 83K5Y3G266;
				ENABLE_PREVIEWS = YES;
				GENERATE_INFOPLIST_FILE = YES;
				INFOPLIST_FILE = Calories/Info.plist;
				INFOPLIST_KEY_NSHealthShareUsageDescription = "We need to access your health data to find out your active calories";
				INFOPLIST_KEY_NSHealthUpdateUsageDescription = "We need to update your health data to update your consumed calories";
				INFOPLIST_KEY_UIApplicationSupportsIndirectInputEvents = YES;
				INFOPLIST_KEY_UILaunchScreen_Generation = YES;
				INFOPLIST_KEY_UISupportedInterfaceOrientations_iPad = "UIInterfaceOrientationPortrait UIInterfaceOrientationPortraitUpsideDown UIInterfaceOrientationLandscapeLeft UIInterfaceOrientationLandscapeRight";
				INFOPLIST_KEY_UISupportedInterfaceOrientations_iPhone = "UIInterfaceOrientationPortrait UIInterfaceOrientationLandscapeLeft UIInterfaceOrientationLandscapeRight";
				LD_RUNPATH_SEARCH_PATHS = (
					"$(inherited)",
					"@executable_path/Frameworks",
				);
				MARKETING_VERSION = 1.0;
				PRODUCT_BUNDLE_IDENTIFIER = com.tonyshort.nutrition;
				PRODUCT_NAME = "$(TARGET_NAME)";
				PROVISIONING_PROFILE_SPECIFIER = "";
				SWIFT_EMIT_LOC_STRINGS = YES;
				SWIFT_VERSION = 5.0;
				TARGETED_DEVICE_FAMILY = "1,2";
			};
			name = Release;
		};
		EA097DB129918CA000735129 /* Debug */ = {
			isa = XCBuildConfiguration;
			buildSettings = {
				ALWAYS_EMBED_SWIFT_STANDARD_LIBRARIES = YES;
				BUNDLE_LOADER = "$(TEST_HOST)";
				CODE_SIGN_STYLE = Automatic;
				CURRENT_PROJECT_VERSION = 1;
				DEVELOPMENT_TEAM = 6BTW6RT2T4;
				GENERATE_INFOPLIST_FILE = YES;
				IPHONEOS_DEPLOYMENT_TARGET = 16.1;
				MARKETING_VERSION = 1.0;
				PRODUCT_BUNDLE_IDENTIFIER = com.tonyshort.mynextweek.CaloriesTests;
				PRODUCT_NAME = "$(TARGET_NAME)";
				SWIFT_EMIT_LOC_STRINGS = NO;
				SWIFT_VERSION = 5.0;
				TARGETED_DEVICE_FAMILY = "1,2";
				TEST_HOST = "$(BUILT_PRODUCTS_DIR)/Calories.app/$(BUNDLE_EXECUTABLE_FOLDER_PATH)/Calories";
			};
			name = Debug;
		};
		EA097DB229918CA000735129 /* Release */ = {
			isa = XCBuildConfiguration;
			buildSettings = {
				ALWAYS_EMBED_SWIFT_STANDARD_LIBRARIES = YES;
				BUNDLE_LOADER = "$(TEST_HOST)";
				CODE_SIGN_STYLE = Automatic;
				CURRENT_PROJECT_VERSION = 1;
				DEVELOPMENT_TEAM = 6BTW6RT2T4;
				GENERATE_INFOPLIST_FILE = YES;
				IPHONEOS_DEPLOYMENT_TARGET = 16.1;
				MARKETING_VERSION = 1.0;
				PRODUCT_BUNDLE_IDENTIFIER = com.tonyshort.mynextweek.CaloriesTests;
				PRODUCT_NAME = "$(TARGET_NAME)";
				SWIFT_EMIT_LOC_STRINGS = NO;
				SWIFT_VERSION = 5.0;
				TARGETED_DEVICE_FAMILY = "1,2";
				TEST_HOST = "$(BUILT_PRODUCTS_DIR)/Calories.app/$(BUNDLE_EXECUTABLE_FOLDER_PATH)/Calories";
			};
			name = Release;
		};
		EA3146FE29A2C6F4002AAA45 /* Debug */ = {
			isa = XCBuildConfiguration;
			buildSettings = {
				ASSETCATALOG_COMPILER_GLOBAL_ACCENT_COLOR_NAME = AccentColor;
				ASSETCATALOG_COMPILER_WIDGET_BACKGROUND_COLOR_NAME = WidgetBackground;
				CODE_SIGN_STYLE = Automatic;
				CURRENT_PROJECT_VERSION = 1;
				DEVELOPMENT_TEAM = 6BTW6RT2T4;
				GENERATE_INFOPLIST_FILE = YES;
				INFOPLIST_FILE = CaloriesWidget/Info.plist;
				INFOPLIST_KEY_CFBundleDisplayName = CaloriesWidget;
				INFOPLIST_KEY_NSHumanReadableCopyright = "";
				LD_RUNPATH_SEARCH_PATHS = (
					"$(inherited)",
					"@executable_path/Frameworks",
					"@executable_path/../../Frameworks",
					"@executable_path/../../../../Frameworks",
				);
				MARKETING_VERSION = 1.0;
				PRODUCT_BUNDLE_IDENTIFIER = com.tonyshort.mynextweek.Calories.watchkitapp.CaloriesWidget;
				PRODUCT_NAME = "$(TARGET_NAME)";
				SDKROOT = watchos;
				SKIP_INSTALL = YES;
				SWIFT_EMIT_LOC_STRINGS = YES;
				SWIFT_VERSION = 5.0;
				TARGETED_DEVICE_FAMILY = 4;
				WATCHOS_DEPLOYMENT_TARGET = 9.1;
			};
			name = Debug;
		};
		EA3146FF29A2C6F4002AAA45 /* Release */ = {
			isa = XCBuildConfiguration;
			buildSettings = {
				ASSETCATALOG_COMPILER_GLOBAL_ACCENT_COLOR_NAME = AccentColor;
				ASSETCATALOG_COMPILER_WIDGET_BACKGROUND_COLOR_NAME = WidgetBackground;
				CODE_SIGN_STYLE = Automatic;
				CURRENT_PROJECT_VERSION = 1;
				DEVELOPMENT_TEAM = 6BTW6RT2T4;
				GENERATE_INFOPLIST_FILE = YES;
				INFOPLIST_FILE = CaloriesWidget/Info.plist;
				INFOPLIST_KEY_CFBundleDisplayName = CaloriesWidget;
				INFOPLIST_KEY_NSHumanReadableCopyright = "";
				LD_RUNPATH_SEARCH_PATHS = (
					"$(inherited)",
					"@executable_path/Frameworks",
					"@executable_path/../../Frameworks",
					"@executable_path/../../../../Frameworks",
				);
				MARKETING_VERSION = 1.0;
				PRODUCT_BUNDLE_IDENTIFIER = com.tonyshort.mynextweek.Calories.watchkitapp.CaloriesWidget;
				PRODUCT_NAME = "$(TARGET_NAME)";
				SDKROOT = watchos;
				SKIP_INSTALL = YES;
				SWIFT_EMIT_LOC_STRINGS = YES;
				SWIFT_VERSION = 5.0;
				TARGETED_DEVICE_FAMILY = 4;
				WATCHOS_DEPLOYMENT_TARGET = 9.1;
			};
			name = Release;
		};
		EA76759F299D845400771517 /* Debug */ = {
			isa = XCBuildConfiguration;
			buildSettings = {
				ALWAYS_EMBED_SWIFT_STANDARD_LIBRARIES = YES;
				ASSETCATALOG_COMPILER_APPICON_NAME = AppIcon;
				ASSETCATALOG_COMPILER_GLOBAL_ACCENT_COLOR_NAME = AccentColor;
				CODE_SIGN_ENTITLEMENTS = "Calories Watch App/Calories Watch App.entitlements";
				CODE_SIGN_STYLE = Automatic;
				CURRENT_PROJECT_VERSION = 1;
				DEVELOPMENT_TEAM = 6BTW6RT2T4;
				ENABLE_PREVIEWS = YES;
				GENERATE_INFOPLIST_FILE = YES;
				INFOPLIST_KEY_CFBundleDisplayName = Calories;
				INFOPLIST_KEY_NSHealthShareUsageDescription = "We need to access your health data to find out your active calories";
				INFOPLIST_KEY_NSHealthUpdateUsageDescription = "We need to update your health data to update your consumed calories";
				INFOPLIST_KEY_UISupportedInterfaceOrientations = "UIInterfaceOrientationPortrait UIInterfaceOrientationPortraitUpsideDown";
				INFOPLIST_KEY_WKWatchOnly = YES;
				LD_RUNPATH_SEARCH_PATHS = (
					"$(inherited)",
					"@executable_path/Frameworks",
				);
				MARKETING_VERSION = 1.0;
				PRODUCT_BUNDLE_IDENTIFIER = com.tonyshort.mynextweek.Calories.watchkitapp;
				PRODUCT_NAME = "$(TARGET_NAME)";
				SDKROOT = watchos;
				SKIP_INSTALL = YES;
				SWIFT_EMIT_LOC_STRINGS = YES;
				SWIFT_VERSION = 5.0;
				TARGETED_DEVICE_FAMILY = 4;
				WATCHOS_DEPLOYMENT_TARGET = 9.1;
			};
			name = Debug;
		};
		EA7675A0299D845400771517 /* Release */ = {
			isa = XCBuildConfiguration;
			buildSettings = {
				ALWAYS_EMBED_SWIFT_STANDARD_LIBRARIES = YES;
				ASSETCATALOG_COMPILER_APPICON_NAME = AppIcon;
				ASSETCATALOG_COMPILER_GLOBAL_ACCENT_COLOR_NAME = AccentColor;
				CODE_SIGN_ENTITLEMENTS = "Calories Watch App/Calories Watch App.entitlements";
				CODE_SIGN_STYLE = Automatic;
				CURRENT_PROJECT_VERSION = 1;
				DEVELOPMENT_TEAM = 6BTW6RT2T4;
				ENABLE_PREVIEWS = YES;
				GENERATE_INFOPLIST_FILE = YES;
				INFOPLIST_KEY_CFBundleDisplayName = Calories;
				INFOPLIST_KEY_NSHealthShareUsageDescription = "We need to access your health data to find out your active calories";
				INFOPLIST_KEY_NSHealthUpdateUsageDescription = "We need to update your health data to update your consumed calories";
				INFOPLIST_KEY_UISupportedInterfaceOrientations = "UIInterfaceOrientationPortrait UIInterfaceOrientationPortraitUpsideDown";
				INFOPLIST_KEY_WKWatchOnly = YES;
				LD_RUNPATH_SEARCH_PATHS = (
					"$(inherited)",
					"@executable_path/Frameworks",
				);
				MARKETING_VERSION = 1.0;
				PRODUCT_BUNDLE_IDENTIFIER = com.tonyshort.mynextweek.Calories.watchkitapp;
				PRODUCT_NAME = "$(TARGET_NAME)";
				SDKROOT = watchos;
				SKIP_INSTALL = YES;
				SWIFT_EMIT_LOC_STRINGS = YES;
				SWIFT_VERSION = 5.0;
				TARGETED_DEVICE_FAMILY = 4;
				WATCHOS_DEPLOYMENT_TARGET = 9.1;
			};
			name = Release;
		};
		EA7675A6299D845400771517 /* Debug */ = {
			isa = XCBuildConfiguration;
			buildSettings = {
				ALWAYS_EMBED_SWIFT_STANDARD_LIBRARIES = YES;
				BUNDLE_LOADER = "$(TEST_HOST)";
				CODE_SIGN_STYLE = Automatic;
				CURRENT_PROJECT_VERSION = 1;
				DEVELOPMENT_TEAM = 6BTW6RT2T4;
				GENERATE_INFOPLIST_FILE = YES;
				MARKETING_VERSION = 1.0;
				PRODUCT_BUNDLE_IDENTIFIER = "com.tonyshort.mynextweek.Calories-Watch-AppTests";
				PRODUCT_NAME = "$(TARGET_NAME)";
				SDKROOT = watchos;
				SWIFT_EMIT_LOC_STRINGS = NO;
				SWIFT_VERSION = 5.0;
				TARGETED_DEVICE_FAMILY = 4;
				TEST_HOST = "$(BUILT_PRODUCTS_DIR)/Calories Watch App.app/$(BUNDLE_EXECUTABLE_FOLDER_PATH)/Calories Watch App";
				WATCHOS_DEPLOYMENT_TARGET = 9.1;
			};
			name = Debug;
		};
		EA7675A7299D845400771517 /* Release */ = {
			isa = XCBuildConfiguration;
			buildSettings = {
				ALWAYS_EMBED_SWIFT_STANDARD_LIBRARIES = YES;
				BUNDLE_LOADER = "$(TEST_HOST)";
				CODE_SIGN_STYLE = Automatic;
				CURRENT_PROJECT_VERSION = 1;
				DEVELOPMENT_TEAM = 6BTW6RT2T4;
				GENERATE_INFOPLIST_FILE = YES;
				MARKETING_VERSION = 1.0;
				PRODUCT_BUNDLE_IDENTIFIER = "com.tonyshort.mynextweek.Calories-Watch-AppTests";
				PRODUCT_NAME = "$(TARGET_NAME)";
				SDKROOT = watchos;
				SWIFT_EMIT_LOC_STRINGS = NO;
				SWIFT_VERSION = 5.0;
				TARGETED_DEVICE_FAMILY = 4;
				TEST_HOST = "$(BUILT_PRODUCTS_DIR)/Calories Watch App.app/$(BUNDLE_EXECUTABLE_FOLDER_PATH)/Calories Watch App";
				WATCHOS_DEPLOYMENT_TARGET = 9.1;
			};
			name = Release;
		};
/* End XCBuildConfiguration section */

/* Begin XCConfigurationList section */
		EA097D7F29918C9E00735129 /* Build configuration list for PBXProject "Calories" */ = {
			isa = XCConfigurationList;
			buildConfigurations = (
				EA097DAB29918CA000735129 /* Debug */,
				EA097DAC29918CA000735129 /* Release */,
			);
			defaultConfigurationIsVisible = 0;
			defaultConfigurationName = Release;
		};
		EA097DAD29918CA000735129 /* Build configuration list for PBXNativeTarget "Calories" */ = {
			isa = XCConfigurationList;
			buildConfigurations = (
				EA097DAE29918CA000735129 /* Debug */,
				EA097DAF29918CA000735129 /* Release */,
			);
			defaultConfigurationIsVisible = 0;
			defaultConfigurationName = Release;
		};
		EA097DB029918CA000735129 /* Build configuration list for PBXNativeTarget "CaloriesTests" */ = {
			isa = XCConfigurationList;
			buildConfigurations = (
				EA097DB129918CA000735129 /* Debug */,
				EA097DB229918CA000735129 /* Release */,
			);
			defaultConfigurationIsVisible = 0;
			defaultConfigurationName = Release;
		};
		EA31470029A2C6F4002AAA45 /* Build configuration list for PBXNativeTarget "CaloriesWidgetExtension" */ = {
			isa = XCConfigurationList;
			buildConfigurations = (
				EA3146FE29A2C6F4002AAA45 /* Debug */,
				EA3146FF29A2C6F4002AAA45 /* Release */,
			);
			defaultConfigurationIsVisible = 0;
			defaultConfigurationName = Release;
		};
		EA76759E299D845400771517 /* Build configuration list for PBXNativeTarget "Calories Watch App" */ = {
			isa = XCConfigurationList;
			buildConfigurations = (
				EA76759F299D845400771517 /* Debug */,
				EA7675A0299D845400771517 /* Release */,
			);
			defaultConfigurationIsVisible = 0;
			defaultConfigurationName = Release;
		};
		EA7675A5299D845400771517 /* Build configuration list for PBXNativeTarget "Calories Watch AppTests" */ = {
			isa = XCConfigurationList;
			buildConfigurations = (
				EA7675A6299D845400771517 /* Debug */,
				EA7675A7299D845400771517 /* Release */,
			);
			defaultConfigurationIsVisible = 0;
			defaultConfigurationName = Release;
		};
/* End XCConfigurationList section */

/* Begin XCRemoteSwiftPackageReference section */
		EA8060ED29FD4F7F00310527 /* XCRemoteSwiftPackageReference "ViewInspector" */ = {
			isa = XCRemoteSwiftPackageReference;
			repositoryURL = "https://github.com/nalexn/ViewInspector";
			requirement = {
				branch = 0.9.6;
				kind = branch;
			};
		};
/* End XCRemoteSwiftPackageReference section */

/* Begin XCSwiftPackageProductDependency section */
		EA8060EE29FD4F7F00310527 /* ViewInspector */ = {
			isa = XCSwiftPackageProductDependency;
			package = EA8060ED29FD4F7F00310527 /* XCRemoteSwiftPackageReference "ViewInspector" */;
			productName = ViewInspector;
		};
/* End XCSwiftPackageProductDependency section */

/* Begin XCVersionGroup section */
		EA097DC32993986D00735129 /* Model.xcdatamodeld */ = {
			isa = XCVersionGroup;
			children = (
				EA097DC42993986D00735129 /* Model.xcdatamodel */,
			);
			currentVersion = EA097DC42993986D00735129 /* Model.xcdatamodel */;
			path = Model.xcdatamodeld;
			sourceTree = "<group>";
			versionGroupType = wrapper.xcdatamodel;
		};
/* End XCVersionGroup section */
	};
	rootObject = EA097D7C29918C9E00735129 /* Project object */;
}
