// !$*UTF8*$!
{
	archiveVersion = 1;
	classes = {
	};
	objectVersion = 56;
	objects = {

/* Begin PBXBuildFile section */
		DD134C462F1BE403009AB903 /* DateTestHelpers.swift in Sources */ = {isa = PBXBuildFile; fileRef = DD134C442F1BE3F4009AB903 /* DateTestHelpers.swift */; };
		DD134C492F1BE64D009AB903 /* DateHelpers.swift in Sources */ = {isa = PBXBuildFile; fileRef = DD134C472F1BE64D009AB903 /* DateHelpers.swift */; };
		DD134C4A2F1BE68D009AB903 /* DateHelpers.swift in Sources */ = {isa = PBXBuildFile; fileRef = DD134C472F1BE64D009AB903 /* DateHelpers.swift */; };
		DD538CF32C6E9377007CAD98 /* RandomPicker.swift in Sources */ = {isa = PBXBuildFile; fileRef = DD538CF22C6E9377007CAD98 /* RandomPicker.swift */; };
		DD9890222F2F6F95000BA793 /* CaloriesFoundation in Frameworks */ = {isa = PBXBuildFile; productRef = DD9890212F2F6F95000BA793 /* CaloriesFoundation */; };
		DD9890242F2F6F95000BA793 /* Charting in Frameworks */ = {isa = PBXBuildFile; productRef = DD9890232F2F6F95000BA793 /* Charting */; };
		DD9890262F2F6F95000BA793 /* Companion in Frameworks */ = {isa = PBXBuildFile; productRef = DD9890252F2F6F95000BA793 /* Companion */; };
		DD9890282F2F6F95000BA793 /* ExerciseTracking in Frameworks */ = {isa = PBXBuildFile; productRef = DD9890272F2F6F95000BA793 /* ExerciseTracking */; };
		DD98902A2F2F6F95000BA793 /* FoodTracking in Frameworks */ = {isa = PBXBuildFile; productRef = DD9890292F2F6F95000BA793 /* FoodTracking */; };
		DD98902C2F2F6F95000BA793 /* MealPlanning in Frameworks */ = {isa = PBXBuildFile; productRef = DD98902B2F2F6F95000BA793 /* MealPlanning */; };
		DD98902E2F2F6F95000BA793 /* PlantTracking in Frameworks */ = {isa = PBXBuildFile; productRef = DD98902D2F2F6F95000BA793 /* PlantTracking */; };
		DD9890302F2F6F95000BA793 /* WeightTracking in Frameworks */ = {isa = PBXBuildFile; productRef = DD98902F2F2F6F95000BA793 /* WeightTracking */; };
		EA097D8829918C9E00735129 /* CaloriesApp.swift in Sources */ = {isa = PBXBuildFile; fileRef = EA097D8729918C9E00735129 /* CaloriesApp.swift */; };
		EA097D8A29918C9E00735129 /* CaloriesView.swift in Sources */ = {isa = PBXBuildFile; fileRef = EA097D8929918C9E00735129 /* CaloriesView.swift */; };
		EA097D8C29918CA000735129 /* Assets.xcassets in Resources */ = {isa = PBXBuildFile; fileRef = EA097D8B29918CA000735129 /* Assets.xcassets */; };
		EA097D9E29918CA000735129 /* HistoryViewModelTests.swift in Sources */ = {isa = PBXBuildFile; fileRef = EA097D9D29918CA000735129 /* HistoryViewModelTests.swift */; };
		EA097DB82991909500735129 /* HistoryViewModel.swift in Sources */ = {isa = PBXBuildFile; fileRef = EA097DB72991909500735129 /* HistoryViewModel.swift */; };
		EA2D49042994394900248864 /* Colours.xcassets in Resources */ = {isa = PBXBuildFile; fileRef = EA2D49032994394900248864 /* Colours.xcassets */; };
		EA2D490A29970B8A00248864 /* HistoryView.swift in Sources */ = {isa = PBXBuildFile; fileRef = EA2D490929970B8A00248864 /* HistoryView.swift */; };
		EA3146F129A2C6F3002AAA45 /* WidgetKit.framework in Frameworks */ = {isa = PBXBuildFile; fileRef = EA3146F029A2C6F3002AAA45 /* WidgetKit.framework */; };
		EA3146F329A2C6F3002AAA45 /* SwiftUI.framework in Frameworks */ = {isa = PBXBuildFile; fileRef = EA3146F229A2C6F3002AAA45 /* SwiftUI.framework */; };
		EA3146F629A2C6F3002AAA45 /* CaloriesWidget.swift in Sources */ = {isa = PBXBuildFile; fileRef = EA3146F529A2C6F3002AAA45 /* CaloriesWidget.swift */; };
		EA3146F829A2C6F4002AAA45 /* Assets.xcassets in Resources */ = {isa = PBXBuildFile; fileRef = EA3146F729A2C6F4002AAA45 /* Assets.xcassets */; };
		EA3146FC29A2C6F4002AAA45 /* CaloriesWidgetExtension.appex in Embed Foundation Extensions */ = {isa = PBXBuildFile; fileRef = EA3146EE29A2C6F2002AAA45 /* CaloriesWidgetExtension.appex */; settings = {ATTRIBUTES = (RemoveHeadersOnCopy, ); }; };
		EA4EE50E299EA49F000FE6AC /* AddEntryView.swift in Sources */ = {isa = PBXBuildFile; fileRef = EA4EE50D299EA49F000FE6AC /* AddEntryView.swift */; };
		EA767580299D844E00771517 /* CaloriesApp.swift in Sources */ = {isa = PBXBuildFile; fileRef = EA76757F299D844E00771517 /* CaloriesApp.swift */; };
		EA767582299D844E00771517 /* TwoDayChartView.swift in Sources */ = {isa = PBXBuildFile; fileRef = EA767581299D844E00771517 /* TwoDayChartView.swift */; };
		EA767584299D845000771517 /* Assets.xcassets in Resources */ = {isa = PBXBuildFile; fileRef = EA767583299D845000771517 /* Assets.xcassets */; };
		EA7675B3299D88F700771517 /* FoodEntry.swift in Sources */ = {isa = PBXBuildFile; fileRef = EA7675B2299D88F700771517 /* FoodEntry.swift */; };
		EAB542DB29A228A900664583 /* Colours.xcassets in Resources */ = {isa = PBXBuildFile; fileRef = EA2D49032994394900248864 /* Colours.xcassets */; };
		EAB542DD29A28B5300664583 /* AddEntryViewModel.swift in Sources */ = {isa = PBXBuildFile; fileRef = EAB542DC29A28B5300664583 /* AddEntryViewModel.swift */; };
		EABDB44E29B4A98F0096FBF1 /* Date+Extensions.swift in Sources */ = {isa = PBXBuildFile; fileRef = EABDB44D29B4A98F0096FBF1 /* Date+Extensions.swift */; };
		EABDB44F29B4A98F0096FBF1 /* Date+Extensions.swift in Sources */ = {isa = PBXBuildFile; fileRef = EABDB44D29B4A98F0096FBF1 /* Date+Extensions.swift */; };
		EABDB45029B4A9D80096FBF1 /* Date+Extensions.swift in Sources */ = {isa = PBXBuildFile; fileRef = EABDB44D29B4A98F0096FBF1 /* Date+Extensions.swift */; };
		EAE553AA29A6B89B006102D2 /* FoodEntry.swift in Sources */ = {isa = PBXBuildFile; fileRef = EA7675B2299D88F700771517 /* FoodEntry.swift */; };
		EAF01541299E978E002AE7D5 /* WeeklyProgressView.swift in Sources */ = {isa = PBXBuildFile; fileRef = EAF01540299E978E002AE7D5 /* WeeklyProgressView.swift */; };
		EAFC439F29A1525B00945E70 /* NumberPadView.swift in Sources */ = {isa = PBXBuildFile; fileRef = EAFC439E29A1525B00945E70 /* NumberPadView.swift */; };
/* End PBXBuildFile section */

/* Begin PBXContainerItemProxy section */
		DDDCA4102C5C157800445F06 /* PBXContainerItemProxy */ = {
			isa = PBXContainerItemProxy;
			containerPortal = EA097D7C29918C9E00735129 /* Project object */;
			proxyType = 1;
			remoteGlobalIDString = EA097D8329918C9E00735129;
			remoteInfo = Calories;
		};
		EA097D9A29918CA000735129 /* PBXContainerItemProxy */ = {
			isa = PBXContainerItemProxy;
			containerPortal = EA097D7C29918C9E00735129 /* Project object */;
			proxyType = 1;
			remoteGlobalIDString = EA097D8329918C9E00735129;
			remoteInfo = Calories;
		};
		EA3146FA29A2C6F4002AAA45 /* PBXContainerItemProxy */ = {
			isa = PBXContainerItemProxy;
			containerPortal = EA097D7C29918C9E00735129 /* Project object */;
			proxyType = 1;
			remoteGlobalIDString = EA3146ED29A2C6F2002AAA45;
			remoteInfo = CaloriesWidgetExtension;
		};
		EA76758D299D845100771517 /* PBXContainerItemProxy */ = {
			isa = PBXContainerItemProxy;
			containerPortal = EA097D7C29918C9E00735129 /* Project object */;
			proxyType = 1;
			remoteGlobalIDString = EA767579299D844D00771517;
			remoteInfo = "Calories Watch App";
		};
/* End PBXContainerItemProxy section */

/* Begin PBXCopyFilesBuildPhase section */
		EA3146FD29A2C6F4002AAA45 /* Embed Foundation Extensions */ = {
			isa = PBXCopyFilesBuildPhase;
			buildActionMask = 2147483647;
			dstPath = "";
			dstSubfolderSpec = 13;
			files = (
				EA3146FC29A2C6F4002AAA45 /* CaloriesWidgetExtension.appex in Embed Foundation Extensions */,
			);
			name = "Embed Foundation Extensions";
			runOnlyForDeploymentPostprocessing = 0;
		};
/* End PBXCopyFilesBuildPhase section */

/* Begin PBXFileReference section */
		DD0855AF2DEB57730093F793 /* CaloriesTestPlan-all.xctestplan */ = {isa = PBXFileReference; lastKnownFileType = text; path = "CaloriesTestPlan-all.xctestplan"; sourceTree = "<group>"; };
		DD134C442F1BE3F4009AB903 /* DateTestHelpers.swift */ = {isa = PBXFileReference; lastKnownFileType = sourcecode.swift; path = DateTestHelpers.swift; sourceTree = "<group>"; };
		DD134C472F1BE64D009AB903 /* DateHelpers.swift */ = {isa = PBXFileReference; lastKnownFileType = sourcecode.swift; path = DateHelpers.swift; sourceTree = "<group>"; };
		DD538CF22C6E9377007CAD98 /* RandomPicker.swift */ = {isa = PBXFileReference; lastKnownFileType = sourcecode.swift; path = RandomPicker.swift; sourceTree = "<group>"; };
		DD7A57DA2D19F51700CBF055 /* Calories.entitlements */ = {isa = PBXFileReference; lastKnownFileType = text.plist.entitlements; path = Calories.entitlements; sourceTree = "<group>"; };
		DD7A57DB2D19F51700CBF055 /* Config.xcconfig */ = {isa = PBXFileReference; lastKnownFileType = text.xcconfig; path = Config.xcconfig; sourceTree = "<group>"; };
		DDC477692DEB5713009578BE /* CaloriesTestPlan-unit.xctestplan */ = {isa = PBXFileReference; lastKnownFileType = text; path = "CaloriesTestPlan-unit.xctestplan"; sourceTree = "<group>"; };
		DDDCA40A2C5C157800445F06 /* CaloriesUITests.xctest */ = {isa = PBXFileReference; explicitFileType = wrapper.cfbundle; includeInIndex = 0; path = CaloriesUITests.xctest; sourceTree = BUILT_PRODUCTS_DIR; };
		EA097D8429918C9E00735129 /* Calories.app */ = {isa = PBXFileReference; explicitFileType = wrapper.application; includeInIndex = 0; path = Calories.app; sourceTree = BUILT_PRODUCTS_DIR; };
		EA097D8729918C9E00735129 /* CaloriesApp.swift */ = {isa = PBXFileReference; lastKnownFileType = sourcecode.swift; path = CaloriesApp.swift; sourceTree = "<group>"; };
		EA097D8929918C9E00735129 /* CaloriesView.swift */ = {isa = PBXFileReference; lastKnownFileType = sourcecode.swift; path = CaloriesView.swift; sourceTree = "<group>"; };
		EA097D8B29918CA000735129 /* Assets.xcassets */ = {isa = PBXFileReference; lastKnownFileType = folder.assetcatalog; path = Assets.xcassets; sourceTree = "<group>"; };
		EA097D9929918CA000735129 /* CaloriesTests.xctest */ = {isa = PBXFileReference; explicitFileType = wrapper.cfbundle; includeInIndex = 0; path = CaloriesTests.xctest; sourceTree = BUILT_PRODUCTS_DIR; };
		EA097D9D29918CA000735129 /* HistoryViewModelTests.swift */ = {isa = PBXFileReference; lastKnownFileType = sourcecode.swift; path = HistoryViewModelTests.swift; sourceTree = "<group>"; };
		EA097DB72991909500735129 /* HistoryViewModel.swift */ = {isa = PBXFileReference; lastKnownFileType = sourcecode.swift; path = HistoryViewModel.swift; sourceTree = "<group>"; };
		EA2D49032994394900248864 /* Colours.xcassets */ = {isa = PBXFileReference; lastKnownFileType = folder.assetcatalog; path = Colours.xcassets; sourceTree = "<group>"; };
		EA2D490929970B8A00248864 /* HistoryView.swift */ = {isa = PBXFileReference; lastKnownFileType = sourcecode.swift; path = HistoryView.swift; sourceTree = "<group>"; };
		EA3146EE29A2C6F2002AAA45 /* CaloriesWidgetExtension.appex */ = {isa = PBXFileReference; explicitFileType = "wrapper.app-extension"; includeInIndex = 0; path = CaloriesWidgetExtension.appex; sourceTree = BUILT_PRODUCTS_DIR; };
		EA3146F029A2C6F3002AAA45 /* WidgetKit.framework */ = {isa = PBXFileReference; lastKnownFileType = wrapper.framework; name = WidgetKit.framework; path = System/Library/Frameworks/WidgetKit.framework; sourceTree = SDKROOT; };
		EA3146F229A2C6F3002AAA45 /* SwiftUI.framework */ = {isa = PBXFileReference; lastKnownFileType = wrapper.framework; name = SwiftUI.framework; path = System/Library/Frameworks/SwiftUI.framework; sourceTree = SDKROOT; };
		EA3146F529A2C6F3002AAA45 /* CaloriesWidget.swift */ = {isa = PBXFileReference; lastKnownFileType = sourcecode.swift; path = CaloriesWidget.swift; sourceTree = "<group>"; };
		EA3146F729A2C6F4002AAA45 /* Assets.xcassets */ = {isa = PBXFileReference; lastKnownFileType = folder.assetcatalog; path = Assets.xcassets; sourceTree = "<group>"; };
		EA3146F929A2C6F4002AAA45 /* Info.plist */ = {isa = PBXFileReference; lastKnownFileType = text.plist.xml; path = Info.plist; sourceTree = "<group>"; };
		EA4EE50D299EA49F000FE6AC /* AddEntryView.swift */ = {isa = PBXFileReference; lastKnownFileType = sourcecode.swift; path = AddEntryView.swift; sourceTree = "<group>"; };
		EA76757A299D844D00771517 /* Calories Watch App.app */ = {isa = PBXFileReference; explicitFileType = wrapper.application; includeInIndex = 0; path = "Calories Watch App.app"; sourceTree = BUILT_PRODUCTS_DIR; };
		EA76757F299D844E00771517 /* CaloriesApp.swift */ = {isa = PBXFileReference; lastKnownFileType = sourcecode.swift; path = CaloriesApp.swift; sourceTree = "<group>"; };
		EA767581299D844E00771517 /* TwoDayChartView.swift */ = {isa = PBXFileReference; lastKnownFileType = sourcecode.swift; path = TwoDayChartView.swift; sourceTree = "<group>"; };
		EA767583299D845000771517 /* Assets.xcassets */ = {isa = PBXFileReference; lastKnownFileType = folder.assetcatalog; path = Assets.xcassets; sourceTree = "<group>"; };
		EA76758C299D845000771517 /* Calories Watch AppTests.xctest */ = {isa = PBXFileReference; explicitFileType = wrapper.cfbundle; includeInIndex = 0; path = "Calories Watch AppTests.xctest"; sourceTree = BUILT_PRODUCTS_DIR; };
		EA7675B2299D88F700771517 /* FoodEntry.swift */ = {isa = PBXFileReference; lastKnownFileType = sourcecode.swift; path = FoodEntry.swift; sourceTree = "<group>"; };
		EA7675B5299D8DEE00771517 /* Calories Watch App.entitlements */ = {isa = PBXFileReference; lastKnownFileType = text.plist.entitlements; path = "Calories Watch App.entitlements"; sourceTree = "<group>"; };
		EAB542DC29A28B5300664583 /* AddEntryViewModel.swift */ = {isa = PBXFileReference; lastKnownFileType = sourcecode.swift; path = AddEntryViewModel.swift; sourceTree = "<group>"; };
		EABDB44D29B4A98F0096FBF1 /* Date+Extensions.swift */ = {isa = PBXFileReference; lastKnownFileType = sourcecode.swift; path = "Date+Extensions.swift"; sourceTree = "<group>"; };
		EAF01540299E978E002AE7D5 /* WeeklyProgressView.swift */ = {isa = PBXFileReference; lastKnownFileType = sourcecode.swift; path = WeeklyProgressView.swift; sourceTree = "<group>"; };
		EAFC439E29A1525B00945E70 /* NumberPadView.swift */ = {isa = PBXFileReference; lastKnownFileType = sourcecode.swift; path = NumberPadView.swift; sourceTree = "<group>"; };
/* End PBXFileReference section */

/* Begin PBXFrameworksBuildPhase section */
		DDDCA4072C5C157800445F06 /* Frameworks */ = {
			isa = PBXFrameworksBuildPhase;
			buildActionMask = 2147483647;
			files = (
			);
			runOnlyForDeploymentPostprocessing = 0;
		};
		EA097D8129918C9E00735129 /* Frameworks */ = {
			isa = PBXFrameworksBuildPhase;
			buildActionMask = 2147483647;
			files = (
				DD9890242F2F6F95000BA793 /* Charting in Frameworks */,
				DD9890302F2F6F95000BA793 /* WeightTracking in Frameworks */,
				DD9890262F2F6F95000BA793 /* Companion in Frameworks */,
				DD9890222F2F6F95000BA793 /* CaloriesFoundation in Frameworks */,
				DD9890282F2F6F95000BA793 /* ExerciseTracking in Frameworks */,
				DD98902C2F2F6F95000BA793 /* MealPlanning in Frameworks */,
				DD98902A2F2F6F95000BA793 /* FoodTracking in Frameworks */,
				DD98902E2F2F6F95000BA793 /* PlantTracking in Frameworks */,
			);
			runOnlyForDeploymentPostprocessing = 0;
		};
		EA097D9629918CA000735129 /* Frameworks */ = {
			isa = PBXFrameworksBuildPhase;
			buildActionMask = 2147483647;
			files = (
			);
			runOnlyForDeploymentPostprocessing = 0;
		};
		EA3146EB29A2C6F2002AAA45 /* Frameworks */ = {
			isa = PBXFrameworksBuildPhase;
			buildActionMask = 2147483647;
			files = (
				EA3146F329A2C6F3002AAA45 /* SwiftUI.framework in Frameworks */,
				EA3146F129A2C6F3002AAA45 /* WidgetKit.framework in Frameworks */,
			);
			runOnlyForDeploymentPostprocessing = 0;
		};
		EA767577299D844D00771517 /* Frameworks */ = {
			isa = PBXFrameworksBuildPhase;
			buildActionMask = 2147483647;
			files = (
			);
			runOnlyForDeploymentPostprocessing = 0;
		};
		EA767589299D845000771517 /* Frameworks */ = {
			isa = PBXFrameworksBuildPhase;
			buildActionMask = 2147483647;
			files = (
			);
			runOnlyForDeploymentPostprocessing = 0;
		};
/* End PBXFrameworksBuildPhase section */

/* Begin PBXGroup section */
		DD134C432F1BE3E2009AB903 /* Utils */ = {
			isa = PBXGroup;
			children = (
				DD134C442F1BE3F4009AB903 /* DateTestHelpers.swift */,
				DD134C472F1BE64D009AB903 /* DateHelpers.swift */,
			);
			path = Utils;
			sourceTree = "<group>";
		};
		DD7DC8932C8471EC0021FA09 /* Tests */ = {
			isa = PBXGroup;
			children = (
				EA097D9D29918CA000735129 /* HistoryViewModelTests.swift */,
			);
			path = Tests;
			sourceTree = "<group>";
		};
		DD883E962D19F47200A15A62 /* Supporting Files */ = {
			isa = PBXGroup;
			children = (
				DD0855AF2DEB57730093F793 /* CaloriesTestPlan-all.xctestplan */,
				DDC477692DEB5713009578BE /* CaloriesTestPlan-unit.xctestplan */,
				DD7A57DA2D19F51700CBF055 /* Calories.entitlements */,
				DD7A57DB2D19F51700CBF055 /* Config.xcconfig */,
			);
			path = "Supporting Files";
			sourceTree = "<group>";
		};
		EA097D7B29918C9E00735129 = {
			isa = PBXGroup;
			children = (
				EA097D8629918C9E00735129 /* Calories */,
				EA76757E299D844E00771517 /* Calories Watch App */,
				EA3146F429A2C6F3002AAA45 /* CaloriesWidget */,
				EA3146EF29A2C6F3002AAA45 /* Frameworks */,
				EA097D8529918C9E00735129 /* Products */,
			);
			sourceTree = "<group>";
		};
		EA097D8529918C9E00735129 /* Products */ = {
			isa = PBXGroup;
			children = (
				EA097D8429918C9E00735129 /* Calories.app */,
				EA097D9929918CA000735129 /* CaloriesTests.xctest */,
				EA76757A299D844D00771517 /* Calories Watch App.app */,
				EA76758C299D845000771517 /* Calories Watch AppTests.xctest */,
				EA3146EE29A2C6F2002AAA45 /* CaloriesWidgetExtension.appex */,
				DDDCA40A2C5C157800445F06 /* CaloriesUITests.xctest */,
			);
			name = Products;
			sourceTree = "<group>";
		};
		EA097D8629918C9E00735129 /* Calories */ = {
			isa = PBXGroup;
			children = (
				EA2D491529981AE800248864 /* App */,
				EA2D491929981B4600248864 /* Resources */,
				DD883E962D19F47200A15A62 /* Supporting Files */,
				DD134C432F1BE3E2009AB903 /* Utils */,
			);
			path = Calories;
			sourceTree = "<group>";
		};
		EA2D491529981AE800248864 /* App */ = {
			isa = PBXGroup;
			children = (
				EA097D8729918C9E00735129 /* CaloriesApp.swift */,
				EA097D8929918C9E00735129 /* CaloriesView.swift */,
				EABDB44D29B4A98F0096FBF1 /* Date+Extensions.swift */,
				EA2D490929970B8A00248864 /* HistoryView.swift */,
				EA097DB72991909500735129 /* HistoryViewModel.swift */,
				DD538CF22C6E9377007CAD98 /* RandomPicker.swift */,
				DD7DC8932C8471EC0021FA09 /* Tests */,
			);
			path = App;
			sourceTree = "<group>";
		};
		EA2D491929981B4600248864 /* Resources */ = {
			isa = PBXGroup;
			children = (
				EA097D8B29918CA000735129 /* Assets.xcassets */,
				EA2D49032994394900248864 /* Colours.xcassets */,
			);
			path = Resources;
			sourceTree = "<group>";
		};
		EA3146EF29A2C6F3002AAA45 /* Frameworks */ = {
			isa = PBXGroup;
			children = (
				EA3146F229A2C6F3002AAA45 /* SwiftUI.framework */,
				EA3146F029A2C6F3002AAA45 /* WidgetKit.framework */,
			);
			name = Frameworks;
			sourceTree = "<group>";
		};
		EA3146F429A2C6F3002AAA45 /* CaloriesWidget */ = {
			isa = PBXGroup;
			children = (
				EA3146F929A2C6F4002AAA45 /* Info.plist */,
				EA3146F529A2C6F3002AAA45 /* CaloriesWidget.swift */,
				EA3146F729A2C6F4002AAA45 /* Assets.xcassets */,
			);
			path = CaloriesWidget;
			sourceTree = "<group>";
		};
		EA76757E299D844E00771517 /* Calories Watch App */ = {
			isa = PBXGroup;
			children = (
				EA7675B5299D8DEE00771517 /* Calories Watch App.entitlements */,
				EA4EE50D299EA49F000FE6AC /* AddEntryView.swift */,
				EAB542DC29A28B5300664583 /* AddEntryViewModel.swift */,
				EA76757F299D844E00771517 /* CaloriesApp.swift */,
				EA7675B2299D88F700771517 /* FoodEntry.swift */,
				EAFC439E29A1525B00945E70 /* NumberPadView.swift */,
				EA767581299D844E00771517 /* TwoDayChartView.swift */,
				EAF01540299E978E002AE7D5 /* WeeklyProgressView.swift */,
				EA767583299D845000771517 /* Assets.xcassets */,
			);
			path = "Calories Watch App";
			sourceTree = "<group>";
		};
/* End PBXGroup section */

/* Begin PBXNativeTarget section */
		DDDCA4092C5C157800445F06 /* CaloriesUITests */ = {
			isa = PBXNativeTarget;
			buildConfigurationList = DDDCA4122C5C157800445F06 /* Build configuration list for PBXNativeTarget "CaloriesUITests" */;
			buildPhases = (
				DDDCA4062C5C157800445F06 /* Sources */,
				DDDCA4072C5C157800445F06 /* Frameworks */,
				DDDCA4082C5C157800445F06 /* Resources */,
			);
			buildRules = (
			);
			dependencies = (
				DDDCA4112C5C157800445F06 /* PBXTargetDependency */,
			);
			name = CaloriesUITests;
			packageProductDependencies = (
			);
			productName = CaloriesUITests;
			productReference = DDDCA40A2C5C157800445F06 /* CaloriesUITests.xctest */;
			productType = "com.apple.product-type.bundle.ui-testing";
		};
		EA097D8329918C9E00735129 /* Calories */ = {
			isa = PBXNativeTarget;
			buildConfigurationList = EA097DAD29918CA000735129 /* Build configuration list for PBXNativeTarget "Calories" */;
			buildPhases = (
				EA097D8029918C9E00735129 /* Sources */,
				EA097D8129918C9E00735129 /* Frameworks */,
				EA097D8229918C9E00735129 /* Resources */,
			);
			buildRules = (
			);
			dependencies = (
			);
			name = Calories;
			packageProductDependencies = (
				DD9890212F2F6F95000BA793 /* CaloriesFoundation */,
				DD9890232F2F6F95000BA793 /* Charting */,
				DD9890252F2F6F95000BA793 /* Companion */,
				DD9890272F2F6F95000BA793 /* ExerciseTracking */,
				DD9890292F2F6F95000BA793 /* FoodTracking */,
				DD98902B2F2F6F95000BA793 /* MealPlanning */,
				DD98902D2F2F6F95000BA793 /* PlantTracking */,
				DD98902F2F2F6F95000BA793 /* WeightTracking */,
			);
			productName = Calories;
			productReference = EA097D8429918C9E00735129 /* Calories.app */;
			productType = "com.apple.product-type.application";
		};
		EA097D9829918CA000735129 /* CaloriesTests */ = {
			isa = PBXNativeTarget;
			buildConfigurationList = EA097DB029918CA000735129 /* Build configuration list for PBXNativeTarget "CaloriesTests" */;
			buildPhases = (
				EA097D9529918CA000735129 /* Sources */,
				EA097D9629918CA000735129 /* Frameworks */,
				EA097D9729918CA000735129 /* Resources */,
			);
			buildRules = (
			);
			dependencies = (
				EA097D9B29918CA000735129 /* PBXTargetDependency */,
			);
			name = CaloriesTests;
			packageProductDependencies = (
			);
			productName = CaloriesTests;
			productReference = EA097D9929918CA000735129 /* CaloriesTests.xctest */;
			productType = "com.apple.product-type.bundle.unit-test";
		};
		EA3146ED29A2C6F2002AAA45 /* CaloriesWidgetExtension */ = {
			isa = PBXNativeTarget;
			buildConfigurationList = EA31470029A2C6F4002AAA45 /* Build configuration list for PBXNativeTarget "CaloriesWidgetExtension" */;
			buildPhases = (
				EA3146EA29A2C6F2002AAA45 /* Sources */,
				EA3146EB29A2C6F2002AAA45 /* Frameworks */,
				EA3146EC29A2C6F2002AAA45 /* Resources */,
			);
			buildRules = (
			);
			dependencies = (
			);
			name = CaloriesWidgetExtension;
			productName = CaloriesWidgetExtension;
			productReference = EA3146EE29A2C6F2002AAA45 /* CaloriesWidgetExtension.appex */;
			productType = "com.apple.product-type.app-extension";
		};
		EA767579299D844D00771517 /* Calories Watch App */ = {
			isa = PBXNativeTarget;
			buildConfigurationList = EA76759E299D845400771517 /* Build configuration list for PBXNativeTarget "Calories Watch App" */;
			buildPhases = (
				EA767576299D844D00771517 /* Sources */,
				EA767577299D844D00771517 /* Frameworks */,
				EA767578299D844D00771517 /* Resources */,
				EA3146FD29A2C6F4002AAA45 /* Embed Foundation Extensions */,
			);
			buildRules = (
			);
			dependencies = (
				EA3146FB29A2C6F4002AAA45 /* PBXTargetDependency */,
			);
			name = "Calories Watch App";
			productName = "Calories Watch App";
			productReference = EA76757A299D844D00771517 /* Calories Watch App.app */;
			productType = "com.apple.product-type.application";
		};
		EA76758B299D845000771517 /* Calories Watch AppTests */ = {
			isa = PBXNativeTarget;
			buildConfigurationList = EA7675A5299D845400771517 /* Build configuration list for PBXNativeTarget "Calories Watch AppTests" */;
			buildPhases = (
				EA767588299D845000771517 /* Sources */,
				EA767589299D845000771517 /* Frameworks */,
				EA76758A299D845000771517 /* Resources */,
			);
			buildRules = (
			);
			dependencies = (
				EA76758E299D845100771517 /* PBXTargetDependency */,
			);
			name = "Calories Watch AppTests";
			productName = "Calories Watch AppTests";
			productReference = EA76758C299D845000771517 /* Calories Watch AppTests.xctest */;
			productType = "com.apple.product-type.bundle.unit-test";
		};
/* End PBXNativeTarget section */

/* Begin PBXProject section */
		EA097D7C29918C9E00735129 /* Project object */ = {
			isa = PBXProject;
			attributes = {
				BuildIndependentTargetsInParallel = 1;
				LastSwiftUpdateCheck = 1600;
				LastUpgradeCheck = 2600;
				TargetAttributes = {
					DDDCA4092C5C157800445F06 = {
						CreatedOnToolsVersion = 16.0;
						TestTargetID = EA097D8329918C9E00735129;
					};
					EA097D8329918C9E00735129 = {
						CreatedOnToolsVersion = 14.1;
					};
					EA097D9829918CA000735129 = {
						CreatedOnToolsVersion = 14.1;
						TestTargetID = EA097D8329918C9E00735129;
					};
					EA3146ED29A2C6F2002AAA45 = {
						CreatedOnToolsVersion = 14.1;
					};
					EA767579299D844D00771517 = {
						CreatedOnToolsVersion = 14.1;
					};
					EA76758B299D845000771517 = {
						CreatedOnToolsVersion = 14.1;
						TestTargetID = EA767579299D844D00771517;
					};
				};
			};
			buildConfigurationList = EA097D7F29918C9E00735129 /* Build configuration list for PBXProject "Calories" */;
			compatibilityVersion = "Xcode 14.0";
			developmentRegion = en;
			hasScannedForEncodings = 0;
			knownRegions = (
				en,
				Base,
			);
			mainGroup = EA097D7B29918C9E00735129;
			packageReferences = (
			);
			productRefGroup = EA097D8529918C9E00735129 /* Products */;
			projectDirPath = "";
			projectRoot = "";
			targets = (
				EA097D8329918C9E00735129 /* Calories */,
				EA097D9829918CA000735129 /* CaloriesTests */,
				DDDCA4092C5C157800445F06 /* CaloriesUITests */,
				EA767579299D844D00771517 /* Calories Watch App */,
				EA76758B299D845000771517 /* Calories Watch AppTests */,
				EA3146ED29A2C6F2002AAA45 /* CaloriesWidgetExtension */,
			);
		};
/* End PBXProject section */

/* Begin PBXResourcesBuildPhase section */
		DDDCA4082C5C157800445F06 /* Resources */ = {
			isa = PBXResourcesBuildPhase;
			buildActionMask = 2147483647;
			files = (
			);
			runOnlyForDeploymentPostprocessing = 0;
		};
		EA097D8229918C9E00735129 /* Resources */ = {
			isa = PBXResourcesBuildPhase;
			buildActionMask = 2147483647;
			files = (
				EA2D49042994394900248864 /* Colours.xcassets in Resources */,
				EA097D8C29918CA000735129 /* Assets.xcassets in Resources */,
			);
			runOnlyForDeploymentPostprocessing = 0;
		};
		EA097D9729918CA000735129 /* Resources */ = {
			isa = PBXResourcesBuildPhase;
			buildActionMask = 2147483647;
			files = (
			);
			runOnlyForDeploymentPostprocessing = 0;
		};
		EA3146EC29A2C6F2002AAA45 /* Resources */ = {
			isa = PBXResourcesBuildPhase;
			buildActionMask = 2147483647;
			files = (
				EA3146F829A2C6F4002AAA45 /* Assets.xcassets in Resources */,
			);
			runOnlyForDeploymentPostprocessing = 0;
		};
		EA767578299D844D00771517 /* Resources */ = {
			isa = PBXResourcesBuildPhase;
			buildActionMask = 2147483647;
			files = (
				EA767584299D845000771517 /* Assets.xcassets in Resources */,
				EAB542DB29A228A900664583 /* Colours.xcassets in Resources */,
			);
			runOnlyForDeploymentPostprocessing = 0;
		};
		EA76758A299D845000771517 /* Resources */ = {
			isa = PBXResourcesBuildPhase;
			buildActionMask = 2147483647;
			files = (
			);
			runOnlyForDeploymentPostprocessing = 0;
		};
/* End PBXResourcesBuildPhase section */

/* Begin PBXSourcesBuildPhase section */
		DDDCA4062C5C157800445F06 /* Sources */ = {
			isa = PBXSourcesBuildPhase;
			buildActionMask = 2147483647;
			files = (
			);
			runOnlyForDeploymentPostprocessing = 0;
		};
		EA097D8029918C9E00735129 /* Sources */ = {
			isa = PBXSourcesBuildPhase;
			buildActionMask = 2147483647;
			files = (
				EA097D8A29918C9E00735129 /* CaloriesView.swift in Sources */,
				DD538CF32C6E9377007CAD98 /* RandomPicker.swift in Sources */,
				EABDB44E29B4A98F0096FBF1 /* Date+Extensions.swift in Sources */,
				DD134C492F1BE64D009AB903 /* DateHelpers.swift in Sources */,
				EA097D8829918C9E00735129 /* CaloriesApp.swift in Sources */,
				EA097DB82991909500735129 /* HistoryViewModel.swift in Sources */,
				EA2D490A29970B8A00248864 /* HistoryView.swift in Sources */,
			);
			runOnlyForDeploymentPostprocessing = 0;
		};
		EA097D9529918CA000735129 /* Sources */ = {
			isa = PBXSourcesBuildPhase;
			buildActionMask = 2147483647;
			files = (
				DD134C4A2F1BE68D009AB903 /* DateHelpers.swift in Sources */,
				DD134C462F1BE403009AB903 /* DateTestHelpers.swift in Sources */,
				EA097D9E29918CA000735129 /* HistoryViewModelTests.swift in Sources */,
			);
			runOnlyForDeploymentPostprocessing = 0;
		};
		EA3146EA29A2C6F2002AAA45 /* Sources */ = {
			isa = PBXSourcesBuildPhase;
			buildActionMask = 2147483647;
			files = (
				EA3146F629A2C6F3002AAA45 /* CaloriesWidget.swift in Sources */,
				EAE553AA29A6B89B006102D2 /* FoodEntry.swift in Sources */,
				EABDB45029B4A9D80096FBF1 /* Date+Extensions.swift in Sources */,
			);
			runOnlyForDeploymentPostprocessing = 0;
		};
		EA767576299D844D00771517 /* Sources */ = {
			isa = PBXSourcesBuildPhase;
			buildActionMask = 2147483647;
			files = (
				EA7675B3299D88F700771517 /* FoodEntry.swift in Sources */,
				EA767582299D844E00771517 /* TwoDayChartView.swift in Sources */,
				EAB542DD29A28B5300664583 /* AddEntryViewModel.swift in Sources */,
				EA4EE50E299EA49F000FE6AC /* AddEntryView.swift in Sources */,
				EA767580299D844E00771517 /* CaloriesApp.swift in Sources */,
				EAFC439F29A1525B00945E70 /* NumberPadView.swift in Sources */,
				EABDB44F29B4A98F0096FBF1 /* Date+Extensions.swift in Sources */,
				EAF01541299E978E002AE7D5 /* WeeklyProgressView.swift in Sources */,
			);
			runOnlyForDeploymentPostprocessing = 0;
		};
		EA767588299D845000771517 /* Sources */ = {
			isa = PBXSourcesBuildPhase;
			buildActionMask = 2147483647;
			files = (
			);
			runOnlyForDeploymentPostprocessing = 0;
		};
/* End PBXSourcesBuildPhase section */

/* Begin PBXTargetDependency section */
		DDDCA4112C5C157800445F06 /* PBXTargetDependency */ = {
			isa = PBXTargetDependency;
			target = EA097D8329918C9E00735129 /* Calories */;
			targetProxy = DDDCA4102C5C157800445F06 /* PBXContainerItemProxy */;
		};
		EA097D9B29918CA000735129 /* PBXTargetDependency */ = {
			isa = PBXTargetDependency;
			target = EA097D8329918C9E00735129 /* Calories */;
			targetProxy = EA097D9A29918CA000735129 /* PBXContainerItemProxy */;
		};
		EA3146FB29A2C6F4002AAA45 /* PBXTargetDependency */ = {
			isa = PBXTargetDependency;
			target = EA3146ED29A2C6F2002AAA45 /* CaloriesWidgetExtension */;
			targetProxy = EA3146FA29A2C6F4002AAA45 /* PBXContainerItemProxy */;
		};
		EA76758E299D845100771517 /* PBXTargetDependency */ = {
			isa = PBXTargetDependency;
			target = EA767579299D844D00771517 /* Calories Watch App */;
			targetProxy = EA76758D299D845100771517 /* PBXContainerItemProxy */;
		};
/* End PBXTargetDependency section */

/* Begin XCBuildConfiguration section */
		DDDCA4132C5C157800445F06 /* Debug */ = {
			isa = XCBuildConfiguration;
			buildSettings = {
				ASSETCATALOG_COMPILER_GENERATE_SWIFT_ASSET_SYMBOL_EXTENSIONS = YES;
				CODE_SIGN_STYLE = Automatic;
				CURRENT_PROJECT_VERSION = 1;
				ENABLE_USER_SCRIPT_SANDBOXING = YES;
				GCC_C_LANGUAGE_STANDARD = gnu17;
				GENERATE_INFOPLIST_FILE = YES;
				IPHONEOS_DEPLOYMENT_TARGET = 18.0;
				LOCALIZATION_PREFERS_STRING_CATALOGS = YES;
				MARKETING_VERSION = 1.0;
				PRODUCT_BUNDLE_IDENTIFIER = com.tonyshort.CaloriesUITests;
				PRODUCT_NAME = "$(TARGET_NAME)";
				PROVISIONING_PROFILE = "";
				SUPPORTED_PLATFORMS = "iphoneos iphonesimulator";
				SUPPORTS_MACCATALYST = NO;
				SUPPORTS_MAC_DESIGNED_FOR_IPHONE_IPAD = NO;
				SUPPORTS_XR_DESIGNED_FOR_IPHONE_IPAD = NO;
				SWIFT_ACTIVE_COMPILATION_CONDITIONS = "DEBUG $(inherited)";
				SWIFT_EMIT_LOC_STRINGS = NO;
				SWIFT_VERSION = 5.0;
				TARGETED_DEVICE_FAMILY = 1;
				TEST_TARGET_NAME = Calories;
			};
			name = Debug;
		};
		DDDCA4142C5C157800445F06 /* Release */ = {
			isa = XCBuildConfiguration;
			buildSettings = {
				ASSETCATALOG_COMPILER_GENERATE_SWIFT_ASSET_SYMBOL_EXTENSIONS = YES;
				CODE_SIGN_STYLE = Automatic;
				CURRENT_PROJECT_VERSION = 1;
				ENABLE_USER_SCRIPT_SANDBOXING = YES;
				GCC_C_LANGUAGE_STANDARD = gnu17;
				GENERATE_INFOPLIST_FILE = YES;
				IPHONEOS_DEPLOYMENT_TARGET = 18.0;
				LOCALIZATION_PREFERS_STRING_CATALOGS = YES;
				MARKETING_VERSION = 1.0;
				PRODUCT_BUNDLE_IDENTIFIER = com.tonyshort.CaloriesUITests;
				PRODUCT_NAME = "$(TARGET_NAME)";
				PROVISIONING_PROFILE = "";
				SUPPORTED_PLATFORMS = "iphoneos iphonesimulator";
				SUPPORTS_MACCATALYST = NO;
				SUPPORTS_MAC_DESIGNED_FOR_IPHONE_IPAD = NO;
				SUPPORTS_XR_DESIGNED_FOR_IPHONE_IPAD = NO;
				SWIFT_EMIT_LOC_STRINGS = NO;
				SWIFT_VERSION = 5.0;
				TARGETED_DEVICE_FAMILY = 1;
				TEST_TARGET_NAME = Calories;
			};
			name = Release;
		};
		EA097DAB29918CA000735129 /* Debug */ = {
			isa = XCBuildConfiguration;
			baseConfigurationReference = DD7A57DB2D19F51700CBF055 /* Config.xcconfig */;
			buildSettings = {
				ALWAYS_SEARCH_USER_PATHS = NO;
				ASSETCATALOG_COMPILER_GENERATE_SWIFT_ASSET_SYMBOL_EXTENSIONS = YES;
				CLANG_ANALYZER_NONNULL = YES;
				CLANG_ANALYZER_NUMBER_OBJECT_CONVERSION = YES_AGGRESSIVE;
				CLANG_CXX_LANGUAGE_STANDARD = "gnu++20";
				CLANG_ENABLE_MODULES = YES;
				CLANG_ENABLE_OBJC_ARC = YES;
				CLANG_ENABLE_OBJC_WEAK = YES;
				CLANG_WARN_BLOCK_CAPTURE_AUTORELEASING = YES;
				CLANG_WARN_BOOL_CONVERSION = YES;
				CLANG_WARN_COMMA = YES;
				CLANG_WARN_CONSTANT_CONVERSION = YES;
				CLANG_WARN_DEPRECATED_OBJC_IMPLEMENTATIONS = YES;
				CLANG_WARN_DIRECT_OBJC_ISA_USAGE = YES_ERROR;
				CLANG_WARN_DOCUMENTATION_COMMENTS = YES;
				CLANG_WARN_EMPTY_BODY = YES;
				CLANG_WARN_ENUM_CONVERSION = YES;
				CLANG_WARN_INFINITE_RECURSION = YES;
				CLANG_WARN_INT_CONVERSION = YES;
				CLANG_WARN_NON_LITERAL_NULL_CONVERSION = YES;
				CLANG_WARN_OBJC_IMPLICIT_RETAIN_SELF = YES;
				CLANG_WARN_OBJC_LITERAL_CONVERSION = YES;
				CLANG_WARN_OBJC_ROOT_CLASS = YES_ERROR;
				CLANG_WARN_QUOTED_INCLUDE_IN_FRAMEWORK_HEADER = YES;
				CLANG_WARN_RANGE_LOOP_ANALYSIS = YES;
				CLANG_WARN_STRICT_PROTOTYPES = YES;
				CLANG_WARN_SUSPICIOUS_MOVE = YES;
				CLANG_WARN_UNGUARDED_AVAILABILITY = YES_AGGRESSIVE;
				CLANG_WARN_UNREACHABLE_CODE = YES;
				CLANG_WARN__DUPLICATE_METHOD_MATCH = YES;
				COPY_PHASE_STRIP = NO;
				DEBUG_INFORMATION_FORMAT = dwarf;
				DEVELOPMENT_TEAM = 83K5Y3G266;
				ENABLE_STRICT_OBJC_MSGSEND = YES;
				ENABLE_TESTABILITY = YES;
				GCC_C_LANGUAGE_STANDARD = gnu11;
				GCC_DYNAMIC_NO_PIC = NO;
				GCC_NO_COMMON_BLOCKS = YES;
				GCC_OPTIMIZATION_LEVEL = 0;
				GCC_PREPROCESSOR_DEFINITIONS = (
					"DEBUG=1",
					"$(inherited)",
				);
				GCC_WARN_64_TO_32_BIT_CONVERSION = YES;
				GCC_WARN_ABOUT_RETURN_TYPE = YES_ERROR;
				GCC_WARN_UNDECLARED_SELECTOR = YES;
				GCC_WARN_UNINITIALIZED_AUTOS = YES_AGGRESSIVE;
				GCC_WARN_UNUSED_FUNCTION = YES;
				GCC_WARN_UNUSED_VARIABLE = YES;
				IPHONEOS_DEPLOYMENT_TARGET = 16.1;
				MTL_ENABLE_DEBUG_INFO = INCLUDE_SOURCE;
				MTL_FAST_MATH = YES;
				ONLY_ACTIVE_ARCH = YES;
				SDKROOT = iphoneos;
				STRING_CATALOG_GENERATE_SYMBOLS = YES;
				SWIFT_ACTIVE_COMPILATION_CONDITIONS = DEBUG;
				SWIFT_OPTIMIZATION_LEVEL = "-Onone";
			};
			name = Debug;
		};
		EA097DAC29918CA000735129 /* Release */ = {
			isa = XCBuildConfiguration;
			baseConfigurationReference = DD7A57DB2D19F51700CBF055 /* Config.xcconfig */;
			buildSettings = {
				ALWAYS_SEARCH_USER_PATHS = NO;
				ASSETCATALOG_COMPILER_GENERATE_SWIFT_ASSET_SYMBOL_EXTENSIONS = YES;
				CLANG_ANALYZER_NONNULL = YES;
				CLANG_ANALYZER_NUMBER_OBJECT_CONVERSION = YES_AGGRESSIVE;
				CLANG_CXX_LANGUAGE_STANDARD = "gnu++20";
				CLANG_ENABLE_MODULES = YES;
				CLANG_ENABLE_OBJC_ARC = YES;
				CLANG_ENABLE_OBJC_WEAK = YES;
				CLANG_WARN_BLOCK_CAPTURE_AUTORELEASING = YES;
				CLANG_WARN_BOOL_CONVERSION = YES;
				CLANG_WARN_COMMA = YES;
				CLANG_WARN_CONSTANT_CONVERSION = YES;
				CLANG_WARN_DEPRECATED_OBJC_IMPLEMENTATIONS = YES;
				CLANG_WARN_DIRECT_OBJC_ISA_USAGE = YES_ERROR;
				CLANG_WARN_DOCUMENTATION_COMMENTS = YES;
				CLANG_WARN_EMPTY_BODY = YES;
				CLANG_WARN_ENUM_CONVERSION = YES;
				CLANG_WARN_INFINITE_RECURSION = YES;
				CLANG_WARN_INT_CONVERSION = YES;
				CLANG_WARN_NON_LITERAL_NULL_CONVERSION = YES;
				CLANG_WARN_OBJC_IMPLICIT_RETAIN_SELF = YES;
				CLANG_WARN_OBJC_LITERAL_CONVERSION = YES;
				CLANG_WARN_OBJC_ROOT_CLASS = YES_ERROR;
				CLANG_WARN_QUOTED_INCLUDE_IN_FRAMEWORK_HEADER = YES;
				CLANG_WARN_RANGE_LOOP_ANALYSIS = YES;
				CLANG_WARN_STRICT_PROTOTYPES = YES;
				CLANG_WARN_SUSPICIOUS_MOVE = YES;
				CLANG_WARN_UNGUARDED_AVAILABILITY = YES_AGGRESSIVE;
				CLANG_WARN_UNREACHABLE_CODE = YES;
				CLANG_WARN__DUPLICATE_METHOD_MATCH = YES;
				COPY_PHASE_STRIP = NO;
				DEBUG_INFORMATION_FORMAT = "dwarf-with-dsym";
				DEVELOPMENT_TEAM = 83K5Y3G266;
				ENABLE_NS_ASSERTIONS = NO;
				ENABLE_STRICT_OBJC_MSGSEND = YES;
				GCC_C_LANGUAGE_STANDARD = gnu11;
				GCC_NO_COMMON_BLOCKS = YES;
				GCC_WARN_64_TO_32_BIT_CONVERSION = YES;
				GCC_WARN_ABOUT_RETURN_TYPE = YES_ERROR;
				GCC_WARN_UNDECLARED_SELECTOR = YES;
				GCC_WARN_UNINITIALIZED_AUTOS = YES_AGGRESSIVE;
				GCC_WARN_UNUSED_FUNCTION = YES;
				GCC_WARN_UNUSED_VARIABLE = YES;
				IPHONEOS_DEPLOYMENT_TARGET = 16.1;
				MTL_ENABLE_DEBUG_INFO = NO;
				MTL_FAST_MATH = YES;
				SDKROOT = iphoneos;
				STRING_CATALOG_GENERATE_SYMBOLS = YES;
				SWIFT_COMPILATION_MODE = wholemodule;
				SWIFT_OPTIMIZATION_LEVEL = "-O";
				VALIDATE_PRODUCT = YES;
			};
			name = Release;
		};
		EA097DAE29918CA000735129 /* Debug */ = {
			isa = XCBuildConfiguration;
			buildSettings = {
				ASSETCATALOG_COMPILER_APPICON_NAME = AppIcon;
				ASSETCATALOG_COMPILER_GLOBAL_ACCENT_COLOR_NAME = AccentColor;
				CODE_SIGN_ENTITLEMENTS = "Calories/Supporting Files/Calories.entitlements";
				CODE_SIGN_IDENTITY = "Apple Development";
				CODE_SIGN_STYLE = Automatic;
				CURRENT_PROJECT_VERSION = 1;
				ENABLE_PREVIEWS = YES;
				GENERATE_INFOPLIST_FILE = YES;
				INFOPLIST_FILE = "Calories/Supporting Files/Info.plist";
				INFOPLIST_KEY_NSHealthShareUsageDescription = "We need to access your health data to find out your active calories";
				INFOPLIST_KEY_NSHealthUpdateUsageDescription = "We need to update your health data to update your consumed calories";
				INFOPLIST_KEY_UIApplicationSceneManifest_Generation = YES;
				INFOPLIST_KEY_UIApplicationSupportsIndirectInputEvents = YES;
				INFOPLIST_KEY_UILaunchScreen_Generation = YES;
				INFOPLIST_KEY_UISupportedInterfaceOrientations_iPad = "UIInterfaceOrientationPortrait UIInterfaceOrientationPortraitUpsideDown UIInterfaceOrientationLandscapeLeft UIInterfaceOrientationLandscapeRight";
				INFOPLIST_KEY_UISupportedInterfaceOrientations_iPhone = "UIInterfaceOrientationPortrait UIInterfaceOrientationLandscapeLeft UIInterfaceOrientationLandscapeRight";
				IPHONEOS_DEPLOYMENT_TARGET = 26.0;
				LD_RUNPATH_SEARCH_PATHS = (
					"$(inherited)",
					"@executable_path/Frameworks",
				);
				MARKETING_VERSION = 1.0;
				PRODUCT_BUNDLE_IDENTIFIER = com.tonyshort.nutritionapp;
				PRODUCT_NAME = "$(TARGET_NAME)";
				PROVISIONING_PROFILE_SPECIFIER = "";
				SWIFT_EMIT_LOC_STRINGS = YES;
				SWIFT_VERSION = 6.0;
				TARGETED_DEVICE_FAMILY = "1,2";
			};
			name = Debug;
		};
		EA097DAF29918CA000735129 /* Release */ = {
			isa = XCBuildConfiguration;
			buildSettings = {
				ASSETCATALOG_COMPILER_APPICON_NAME = AppIcon;
				ASSETCATALOG_COMPILER_GLOBAL_ACCENT_COLOR_NAME = AccentColor;
				CODE_SIGN_ENTITLEMENTS = "Calories/Supporting Files/Calories.entitlements";
				CODE_SIGN_IDENTITY = "Apple Development";
				CODE_SIGN_STYLE = Automatic;
				CURRENT_PROJECT_VERSION = 1;
				ENABLE_PREVIEWS = YES;
				GENERATE_INFOPLIST_FILE = YES;
				INFOPLIST_FILE = "Calories/Supporting Files/Info.plist";
				INFOPLIST_KEY_NSHealthShareUsageDescription = "We need to access your health data to find out your active calories";
				INFOPLIST_KEY_NSHealthUpdateUsageDescription = "We need to update your health data to update your consumed calories";
				INFOPLIST_KEY_UIApplicationSceneManifest_Generation = YES;
				INFOPLIST_KEY_UIApplicationSupportsIndirectInputEvents = YES;
				INFOPLIST_KEY_UILaunchScreen_Generation = YES;
				INFOPLIST_KEY_UISupportedInterfaceOrientations_iPad = "UIInterfaceOrientationPortrait UIInterfaceOrientationPortraitUpsideDown UIInterfaceOrientationLandscapeLeft UIInterfaceOrientationLandscapeRight";
				INFOPLIST_KEY_UISupportedInterfaceOrientations_iPhone = "UIInterfaceOrientationPortrait UIInterfaceOrientationLandscapeLeft UIInterfaceOrientationLandscapeRight";
				IPHONEOS_DEPLOYMENT_TARGET = 26.0;
				LD_RUNPATH_SEARCH_PATHS = (
					"$(inherited)",
					"@executable_path/Frameworks",
				);
				MARKETING_VERSION = 1.0;
				PRODUCT_BUNDLE_IDENTIFIER = com.tonyshort.nutritionapp;
				PRODUCT_NAME = "$(TARGET_NAME)";
				PROVISIONING_PROFILE_SPECIFIER = "";
				SWIFT_EMIT_LOC_STRINGS = YES;
				SWIFT_VERSION = 6.0;
				TARGETED_DEVICE_FAMILY = "1,2";
			};
			name = Release;
		};
		EA097DB129918CA000735129 /* Debug */ = {
			isa = XCBuildConfiguration;
			buildSettings = {
				BUNDLE_LOADER = "$(TEST_HOST)";
				CODE_SIGN_STYLE = Automatic;
				CURRENT_PROJECT_VERSION = 1;
				GENERATE_INFOPLIST_FILE = YES;
				IPHONEOS_DEPLOYMENT_TARGET = 26.0;
				MARKETING_VERSION = 1.0;
				PRODUCT_BUNDLE_IDENTIFIER = com.tonyshort.mynextweek.CaloriesTests;
				PRODUCT_NAME = "$(TARGET_NAME)";
				SUPPORTED_PLATFORMS = "iphoneos iphonesimulator";
				SUPPORTS_MACCATALYST = NO;
				SUPPORTS_MAC_DESIGNED_FOR_IPHONE_IPAD = NO;
				SUPPORTS_XR_DESIGNED_FOR_IPHONE_IPAD = NO;
				SWIFT_EMIT_LOC_STRINGS = NO;
				SWIFT_VERSION = 5.0;
				TARGETED_DEVICE_FAMILY = 1;
				TEST_HOST = "$(BUILT_PRODUCTS_DIR)/Calories.app/$(BUNDLE_EXECUTABLE_FOLDER_PATH)/Calories";
			};
			name = Debug;
		};
		EA097DB229918CA000735129 /* Release */ = {
			isa = XCBuildConfiguration;
			buildSettings = {
				BUNDLE_LOADER = "$(TEST_HOST)";
				CODE_SIGN_STYLE = Automatic;
				CURRENT_PROJECT_VERSION = 1;
				GENERATE_INFOPLIST_FILE = YES;
				IPHONEOS_DEPLOYMENT_TARGET = 26.0;
				MARKETING_VERSION = 1.0;
				PRODUCT_BUNDLE_IDENTIFIER = com.tonyshort.mynextweek.CaloriesTests;
				PRODUCT_NAME = "$(TARGET_NAME)";
				SUPPORTED_PLATFORMS = "iphoneos iphonesimulator";
				SUPPORTS_MACCATALYST = NO;
				SUPPORTS_MAC_DESIGNED_FOR_IPHONE_IPAD = NO;
				SUPPORTS_XR_DESIGNED_FOR_IPHONE_IPAD = NO;
				SWIFT_EMIT_LOC_STRINGS = NO;
				SWIFT_VERSION = 5.0;
				TARGETED_DEVICE_FAMILY = 1;
				TEST_HOST = "$(BUILT_PRODUCTS_DIR)/Calories.app/$(BUNDLE_EXECUTABLE_FOLDER_PATH)/Calories";
			};
			name = Release;
		};
		EA3146FE29A2C6F4002AAA45 /* Debug */ = {
			isa = XCBuildConfiguration;
			buildSettings = {
				ASSETCATALOG_COMPILER_GLOBAL_ACCENT_COLOR_NAME = AccentColor;
				ASSETCATALOG_COMPILER_WIDGET_BACKGROUND_COLOR_NAME = WidgetBackground;
				CODE_SIGN_STYLE = Automatic;
				CURRENT_PROJECT_VERSION = 1;
				GENERATE_INFOPLIST_FILE = YES;
				INFOPLIST_FILE = CaloriesWidget/Info.plist;
				INFOPLIST_KEY_CFBundleDisplayName = CaloriesWidget;
				INFOPLIST_KEY_NSHumanReadableCopyright = "";
				LD_RUNPATH_SEARCH_PATHS = (
					"$(inherited)",
					"@executable_path/Frameworks",
					"@executable_path/../../Frameworks",
					"@executable_path/../../../../Frameworks",
				);
				MARKETING_VERSION = 1.0;
				PRODUCT_BUNDLE_IDENTIFIER = com.tonyshort.mynextweek.Calories.watchkitapp.CaloriesWidget;
				PRODUCT_NAME = "$(TARGET_NAME)";
				SDKROOT = watchos;
				SKIP_INSTALL = YES;
				SWIFT_EMIT_LOC_STRINGS = YES;
				SWIFT_VERSION = 5.0;
				TARGETED_DEVICE_FAMILY = 4;
				WATCHOS_DEPLOYMENT_TARGET = 9.1;
			};
			name = Debug;
		};
		EA3146FF29A2C6F4002AAA45 /* Release */ = {
			isa = XCBuildConfiguration;
			buildSettings = {
				ASSETCATALOG_COMPILER_GLOBAL_ACCENT_COLOR_NAME = AccentColor;
				ASSETCATALOG_COMPILER_WIDGET_BACKGROUND_COLOR_NAME = WidgetBackground;
				CODE_SIGN_STYLE = Automatic;
				CURRENT_PROJECT_VERSION = 1;
				GENERATE_INFOPLIST_FILE = YES;
				INFOPLIST_FILE = CaloriesWidget/Info.plist;
				INFOPLIST_KEY_CFBundleDisplayName = CaloriesWidget;
				INFOPLIST_KEY_NSHumanReadableCopyright = "";
				LD_RUNPATH_SEARCH_PATHS = (
					"$(inherited)",
					"@executable_path/Frameworks",
					"@executable_path/../../Frameworks",
					"@executable_path/../../../../Frameworks",
				);
				MARKETING_VERSION = 1.0;
				PRODUCT_BUNDLE_IDENTIFIER = com.tonyshort.mynextweek.Calories.watchkitapp.CaloriesWidget;
				PRODUCT_NAME = "$(TARGET_NAME)";
				SDKROOT = watchos;
				SKIP_INSTALL = YES;
				SWIFT_EMIT_LOC_STRINGS = YES;
				SWIFT_VERSION = 5.0;
				TARGETED_DEVICE_FAMILY = 4;
				WATCHOS_DEPLOYMENT_TARGET = 9.1;
			};
			name = Release;
		};
		EA76759F299D845400771517 /* Debug */ = {
			isa = XCBuildConfiguration;
			buildSettings = {
				ASSETCATALOG_COMPILER_APPICON_NAME = AppIcon;
				ASSETCATALOG_COMPILER_GLOBAL_ACCENT_COLOR_NAME = AccentColor;
				CODE_SIGN_ENTITLEMENTS = "Calories Watch App/Calories Watch App.entitlements";
				CODE_SIGN_STYLE = Automatic;
				CURRENT_PROJECT_VERSION = 1;
				ENABLE_PREVIEWS = YES;
				GENERATE_INFOPLIST_FILE = YES;
				INFOPLIST_KEY_CFBundleDisplayName = Calories;
				INFOPLIST_KEY_NSHealthShareUsageDescription = "We need to access your health data to find out your active calories";
				INFOPLIST_KEY_NSHealthUpdateUsageDescription = "We need to update your health data to update your consumed calories";
				INFOPLIST_KEY_UISupportedInterfaceOrientations = "UIInterfaceOrientationPortrait UIInterfaceOrientationPortraitUpsideDown";
				INFOPLIST_KEY_WKWatchOnly = YES;
				LD_RUNPATH_SEARCH_PATHS = (
					"$(inherited)",
					"@executable_path/Frameworks",
				);
				MARKETING_VERSION = 1.0;
				PRODUCT_BUNDLE_IDENTIFIER = com.tonyshort.mynextweek.Calories.watchkitapp;
				PRODUCT_NAME = "$(TARGET_NAME)";
				SDKROOT = watchos;
				SKIP_INSTALL = YES;
				SWIFT_EMIT_LOC_STRINGS = YES;
				SWIFT_VERSION = 5.0;
				TARGETED_DEVICE_FAMILY = 4;
				WATCHOS_DEPLOYMENT_TARGET = 11.0;
			};
			name = Debug;
		};
		EA7675A0299D845400771517 /* Release */ = {
			isa = XCBuildConfiguration;
			buildSettings = {
				ASSETCATALOG_COMPILER_APPICON_NAME = AppIcon;
				ASSETCATALOG_COMPILER_GLOBAL_ACCENT_COLOR_NAME = AccentColor;
				CODE_SIGN_ENTITLEMENTS = "Calories Watch App/Calories Watch App.entitlements";
				CODE_SIGN_STYLE = Automatic;
				CURRENT_PROJECT_VERSION = 1;
				ENABLE_PREVIEWS = YES;
				GENERATE_INFOPLIST_FILE = YES;
				INFOPLIST_KEY_CFBundleDisplayName = Calories;
				INFOPLIST_KEY_NSHealthShareUsageDescription = "We need to access your health data to find out your active calories";
				INFOPLIST_KEY_NSHealthUpdateUsageDescription = "We need to update your health data to update your consumed calories";
				INFOPLIST_KEY_UISupportedInterfaceOrientations = "UIInterfaceOrientationPortrait UIInterfaceOrientationPortraitUpsideDown";
				INFOPLIST_KEY_WKWatchOnly = YES;
				LD_RUNPATH_SEARCH_PATHS = (
					"$(inherited)",
					"@executable_path/Frameworks",
				);
				MARKETING_VERSION = 1.0;
				PRODUCT_BUNDLE_IDENTIFIER = com.tonyshort.mynextweek.Calories.watchkitapp;
				PRODUCT_NAME = "$(TARGET_NAME)";
				SDKROOT = watchos;
				SKIP_INSTALL = YES;
				SWIFT_EMIT_LOC_STRINGS = YES;
				SWIFT_VERSION = 5.0;
				TARGETED_DEVICE_FAMILY = 4;
				WATCHOS_DEPLOYMENT_TARGET = 11.0;
			};
			name = Release;
		};
		EA7675A6299D845400771517 /* Debug */ = {
			isa = XCBuildConfiguration;
			buildSettings = {
				BUNDLE_LOADER = "$(TEST_HOST)";
				CODE_SIGN_STYLE = Automatic;
				CURRENT_PROJECT_VERSION = 1;
				GENERATE_INFOPLIST_FILE = YES;
				MARKETING_VERSION = 1.0;
				PRODUCT_BUNDLE_IDENTIFIER = "com.tonyshort.mynextweek.Calories-Watch-AppTests";
				PRODUCT_NAME = "$(TARGET_NAME)";
				SDKROOT = watchos;
				SWIFT_EMIT_LOC_STRINGS = NO;
				SWIFT_VERSION = 5.0;
				TARGETED_DEVICE_FAMILY = 4;
				TEST_HOST = "$(BUILT_PRODUCTS_DIR)/Calories Watch App.app/$(BUNDLE_EXECUTABLE_FOLDER_PATH)/Calories Watch App";
				WATCHOS_DEPLOYMENT_TARGET = 9.1;
			};
			name = Debug;
		};
		EA7675A7299D845400771517 /* Release */ = {
			isa = XCBuildConfiguration;
			buildSettings = {
				BUNDLE_LOADER = "$(TEST_HOST)";
				CODE_SIGN_STYLE = Automatic;
				CURRENT_PROJECT_VERSION = 1;
				GENERATE_INFOPLIST_FILE = YES;
				MARKETING_VERSION = 1.0;
				PRODUCT_BUNDLE_IDENTIFIER = "com.tonyshort.mynextweek.Calories-Watch-AppTests";
				PRODUCT_NAME = "$(TARGET_NAME)";
				SDKROOT = watchos;
				SWIFT_EMIT_LOC_STRINGS = NO;
				SWIFT_VERSION = 5.0;
				TARGETED_DEVICE_FAMILY = 4;
				TEST_HOST = "$(BUILT_PRODUCTS_DIR)/Calories Watch App.app/$(BUNDLE_EXECUTABLE_FOLDER_PATH)/Calories Watch App";
				WATCHOS_DEPLOYMENT_TARGET = 9.1;
			};
			name = Release;
		};
/* End XCBuildConfiguration section */

/* Begin XCConfigurationList section */
		DDDCA4122C5C157800445F06 /* Build configuration list for PBXNativeTarget "CaloriesUITests" */ = {
			isa = XCConfigurationList;
			buildConfigurations = (
				DDDCA4132C5C157800445F06 /* Debug */,
				DDDCA4142C5C157800445F06 /* Release */,
			);
			defaultConfigurationIsVisible = 0;
			defaultConfigurationName = Release;
		};
		EA097D7F29918C9E00735129 /* Build configuration list for PBXProject "Calories" */ = {
			isa = XCConfigurationList;
			buildConfigurations = (
				EA097DAB29918CA000735129 /* Debug */,
				EA097DAC29918CA000735129 /* Release */,
			);
			defaultConfigurationIsVisible = 0;
			defaultConfigurationName = Release;
		};
		EA097DAD29918CA000735129 /* Build configuration list for PBXNativeTarget "Calories" */ = {
			isa = XCConfigurationList;
			buildConfigurations = (
				EA097DAE29918CA000735129 /* Debug */,
				EA097DAF29918CA000735129 /* Release */,
			);
			defaultConfigurationIsVisible = 0;
			defaultConfigurationName = Release;
		};
		EA097DB029918CA000735129 /* Build configuration list for PBXNativeTarget "CaloriesTests" */ = {
			isa = XCConfigurationList;
			buildConfigurations = (
				EA097DB129918CA000735129 /* Debug */,
				EA097DB229918CA000735129 /* Release */,
			);
			defaultConfigurationIsVisible = 0;
			defaultConfigurationName = Release;
		};
		EA31470029A2C6F4002AAA45 /* Build configuration list for PBXNativeTarget "CaloriesWidgetExtension" */ = {
			isa = XCConfigurationList;
			buildConfigurations = (
				EA3146FE29A2C6F4002AAA45 /* Debug */,
				EA3146FF29A2C6F4002AAA45 /* Release */,
			);
			defaultConfigurationIsVisible = 0;
			defaultConfigurationName = Release;
		};
		EA76759E299D845400771517 /* Build configuration list for PBXNativeTarget "Calories Watch App" */ = {
			isa = XCConfigurationList;
			buildConfigurations = (
				EA76759F299D845400771517 /* Debug */,
				EA7675A0299D845400771517 /* Release */,
			);
			defaultConfigurationIsVisible = 0;
			defaultConfigurationName = Release;
		};
		EA7675A5299D845400771517 /* Build configuration list for PBXNativeTarget "Calories Watch AppTests" */ = {
			isa = XCConfigurationList;
			buildConfigurations = (
				EA7675A6299D845400771517 /* Debug */,
				EA7675A7299D845400771517 /* Release */,
			);
			defaultConfigurationIsVisible = 0;
			defaultConfigurationName = Release;
		};
/* End XCConfigurationList section */

/* Begin XCSwiftPackageProductDependency section */
		DD9890212F2F6F95000BA793 /* CaloriesFoundation */ = {
			isa = XCSwiftPackageProductDependency;
			productName = CaloriesFoundation;
		};
		DD9890232F2F6F95000BA793 /* Charting */ = {
			isa = XCSwiftPackageProductDependency;
			productName = Charting;
		};
		DD9890252F2F6F95000BA793 /* Companion */ = {
			isa = XCSwiftPackageProductDependency;
			productName = Companion;
		};
		DD9890272F2F6F95000BA793 /* ExerciseTracking */ = {
			isa = XCSwiftPackageProductDependency;
			productName = ExerciseTracking;
		};
		DD9890292F2F6F95000BA793 /* FoodTracking */ = {
			isa = XCSwiftPackageProductDependency;
			productName = FoodTracking;
		};
		DD98902B2F2F6F95000BA793 /* MealPlanning */ = {
			isa = XCSwiftPackageProductDependency;
			productName = MealPlanning;
		};
		DD98902D2F2F6F95000BA793 /* PlantTracking */ = {
			isa = XCSwiftPackageProductDependency;
			productName = PlantTracking;
		};
		DD98902F2F2F6F95000BA793 /* WeightTracking */ = {
			isa = XCSwiftPackageProductDependency;
			productName = WeightTracking;
		};
/* End XCSwiftPackageProductDependency section */
	};
	rootObject = EA097D7C29918C9E00735129 /* Project object */;
}
